// !$*UTF8*$!
{
	archiveVersion = 1;
	classes = {
	};
	objectVersion = 50;
	objects = {

/* Begin PBXBuildFile section */
		4D0DCC482268F8300082273E /* QuestionData.swift in Sources */ = {isa = PBXBuildFile; fileRef = 4D0DCC472268F8300082273E /* QuestionData.swift */; };
		4D23F50122679661005268B4 /* QuestionViewController.swift in Sources */ = {isa = PBXBuildFile; fileRef = 4D23F50022679661005268B4 /* QuestionViewController.swift */; };
		4D23F50322679718005268B4 /* ResultsViewController.swift in Sources */ = {isa = PBXBuildFile; fileRef = 4D23F50222679718005268B4 /* ResultsViewController.swift */; };
		4D50E0EE2264CD7600D1AC95 /* AppDelegate.swift in Sources */ = {isa = PBXBuildFile; fileRef = 4D50E0ED2264CD7600D1AC95 /* AppDelegate.swift */; };
		4D50E0F02264CD7600D1AC95 /* IntroductionViewController.swift in Sources */ = {isa = PBXBuildFile; fileRef = 4D50E0EF2264CD7600D1AC95 /* IntroductionViewController.swift */; };
		4D50E0F32264CD7600D1AC95 /* Main.storyboard in Resources */ = {isa = PBXBuildFile; fileRef = 4D50E0F12264CD7600D1AC95 /* Main.storyboard */; };
		4D50E0F52264CD7700D1AC95 /* Assets.xcassets in Resources */ = {isa = PBXBuildFile; fileRef = 4D50E0F42264CD7700D1AC95 /* Assets.xcassets */; };
		4D50E0F82264CD7700D1AC95 /* LaunchScreen.storyboard in Resources */ = {isa = PBXBuildFile; fileRef = 4D50E0F62264CD7700D1AC95 /* LaunchScreen.storyboard */; };
		4D50E1032264CD7700D1AC95 /* personality_quizTests.swift in Sources */ = {isa = PBXBuildFile; fileRef = 4D50E1022264CD7700D1AC95 /* personality_quizTests.swift */; };
		4D50E10E2264CD7700D1AC95 /* personality_quizUITests.swift in Sources */ = {isa = PBXBuildFile; fileRef = 4D50E10D2264CD7700D1AC95 /* personality_quizUITests.swift */; };
/* End PBXBuildFile section */

/* Begin PBXContainerItemProxy section */
		4D50E0FF2264CD7700D1AC95 /* PBXContainerItemProxy */ = {
			isa = PBXContainerItemProxy;
			containerPortal = 4D50E0E22264CD7600D1AC95 /* Project object */;
			proxyType = 1;
			remoteGlobalIDString = 4D50E0E92264CD7600D1AC95;
			remoteInfo = personality_quiz;
		};
		4D50E10A2264CD7700D1AC95 /* PBXContainerItemProxy */ = {
			isa = PBXContainerItemProxy;
			containerPortal = 4D50E0E22264CD7600D1AC95 /* Project object */;
			proxyType = 1;
			remoteGlobalIDString = 4D50E0E92264CD7600D1AC95;
			remoteInfo = personality_quiz;
		};
/* End PBXContainerItemProxy section */

/* Begin PBXFileReference section */
		4D0DCC472268F8300082273E /* QuestionData.swift */ = {isa = PBXFileReference; lastKnownFileType = sourcecode.swift; path = QuestionData.swift; sourceTree = "<group>"; };
		4D23F50022679661005268B4 /* QuestionViewController.swift */ = {isa = PBXFileReference; lastKnownFileType = sourcecode.swift; path = QuestionViewController.swift; sourceTree = "<group>"; };
		4D23F50222679718005268B4 /* ResultsViewController.swift */ = {isa = PBXFileReference; lastKnownFileType = sourcecode.swift; path = ResultsViewController.swift; sourceTree = "<group>"; };
		4D50E0EA2264CD7600D1AC95 /* personality_quiz.app */ = {isa = PBXFileReference; explicitFileType = wrapper.application; includeInIndex = 0; path = personality_quiz.app; sourceTree = BUILT_PRODUCTS_DIR; };
		4D50E0ED2264CD7600D1AC95 /* AppDelegate.swift */ = {isa = PBXFileReference; lastKnownFileType = sourcecode.swift; path = AppDelegate.swift; sourceTree = "<group>"; };
		4D50E0EF2264CD7600D1AC95 /* IntroductionViewController.swift */ = {isa = PBXFileReference; lastKnownFileType = sourcecode.swift; path = IntroductionViewController.swift; sourceTree = "<group>"; };
		4D50E0F22264CD7600D1AC95 /* Base */ = {isa = PBXFileReference; lastKnownFileType = file.storyboard; name = Base; path = Base.lproj/Main.storyboard; sourceTree = "<group>"; };
		4D50E0F42264CD7700D1AC95 /* Assets.xcassets */ = {isa = PBXFileReference; lastKnownFileType = folder.assetcatalog; path = Assets.xcassets; sourceTree = "<group>"; };
		4D50E0F72264CD7700D1AC95 /* Base */ = {isa = PBXFileReference; lastKnownFileType = file.storyboard; name = Base; path = Base.lproj/LaunchScreen.storyboard; sourceTree = "<group>"; };
		4D50E0F92264CD7700D1AC95 /* Info.plist */ = {isa = PBXFileReference; lastKnownFileType = text.plist.xml; path = Info.plist; sourceTree = "<group>"; };
		4D50E0FE2264CD7700D1AC95 /* personality_quizTests.xctest */ = {isa = PBXFileReference; explicitFileType = wrapper.cfbundle; includeInIndex = 0; path = personality_quizTests.xctest; sourceTree = BUILT_PRODUCTS_DIR; };
		4D50E1022264CD7700D1AC95 /* personality_quizTests.swift */ = {isa = PBXFileReference; lastKnownFileType = sourcecode.swift; path = personality_quizTests.swift; sourceTree = "<group>"; };
		4D50E1042264CD7700D1AC95 /* Info.plist */ = {isa = PBXFileReference; lastKnownFileType = text.plist.xml; path = Info.plist; sourceTree = "<group>"; };
		4D50E1092264CD7700D1AC95 /* personality_quizUITests.xctest */ = {isa = PBXFileReference; explicitFileType = wrapper.cfbundle; includeInIndex = 0; path = personality_quizUITests.xctest; sourceTree = BUILT_PRODUCTS_DIR; };
		4D50E10D2264CD7700D1AC95 /* personality_quizUITests.swift */ = {isa = PBXFileReference; lastKnownFileType = sourcecode.swift; path = personality_quizUITests.swift; sourceTree = "<group>"; };
		4D50E10F2264CD7700D1AC95 /* Info.plist */ = {isa = PBXFileReference; lastKnownFileType = text.plist.xml; path = Info.plist; sourceTree = "<group>"; };
/* End PBXFileReference section */

/* Begin PBXFrameworksBuildPhase section */
		4D50E0E72264CD7600D1AC95 /* Frameworks */ = {
			isa = PBXFrameworksBuildPhase;
			buildActionMask = 2147483647;
			files = (
			);
			runOnlyForDeploymentPostprocessing = 0;
		};
		4D50E0FB2264CD7700D1AC95 /* Frameworks */ = {
			isa = PBXFrameworksBuildPhase;
			buildActionMask = 2147483647;
			files = (
			);
			runOnlyForDeploymentPostprocessing = 0;
		};
		4D50E1062264CD7700D1AC95 /* Frameworks */ = {
			isa = PBXFrameworksBuildPhase;
			buildActionMask = 2147483647;
			files = (
			);
			runOnlyForDeploymentPostprocessing = 0;
		};
/* End PBXFrameworksBuildPhase section */

/* Begin PBXGroup section */
		4D50E0E12264CD7600D1AC95 = {
			isa = PBXGroup;
			children = (
				4D50E0EC2264CD7600D1AC95 /* personality_quiz */,
				4D50E1012264CD7700D1AC95 /* personality_quizTests */,
				4D50E10C2264CD7700D1AC95 /* personality_quizUITests */,
				4D50E0EB2264CD7600D1AC95 /* Products */,
			);
			sourceTree = "<group>";
		};
		4D50E0EB2264CD7600D1AC95 /* Products */ = {
			isa = PBXGroup;
			children = (
				4D50E0EA2264CD7600D1AC95 /* personality_quiz.app */,
				4D50E0FE2264CD7700D1AC95 /* personality_quizTests.xctest */,
				4D50E1092264CD7700D1AC95 /* personality_quizUITests.xctest */,
			);
			name = Products;
			sourceTree = "<group>";
		};
		4D50E0EC2264CD7600D1AC95 /* personality_quiz */ = {
			isa = PBXGroup;
			children = (
				4D50E0ED2264CD7600D1AC95 /* AppDelegate.swift */,
				4D50E0EF2264CD7600D1AC95 /* IntroductionViewController.swift */,
				4D50E0F12264CD7600D1AC95 /* Main.storyboard */,
				4D0DCC472268F8300082273E /* QuestionData.swift */,
				4D23F50022679661005268B4 /* QuestionViewController.swift */,
				4D23F50222679718005268B4 /* ResultsViewController.swift */,
				4D50E0F42264CD7700D1AC95 /* Assets.xcassets */,
				4D50E0F62264CD7700D1AC95 /* LaunchScreen.storyboard */,
				4D50E0F92264CD7700D1AC95 /* Info.plist */,
			);
			path = personality_quiz;
			sourceTree = "<group>";
		};
		4D50E1012264CD7700D1AC95 /* personality_quizTests */ = {
			isa = PBXGroup;
			children = (
				4D50E1022264CD7700D1AC95 /* personality_quizTests.swift */,
				4D50E1042264CD7700D1AC95 /* Info.plist */,
			);
			path = personality_quizTests;
			sourceTree = "<group>";
		};
		4D50E10C2264CD7700D1AC95 /* personality_quizUITests */ = {
			isa = PBXGroup;
			children = (
				4D50E10D2264CD7700D1AC95 /* personality_quizUITests.swift */,
				4D50E10F2264CD7700D1AC95 /* Info.plist */,
			);
			path = personality_quizUITests;
			sourceTree = "<group>";
		};
/* End PBXGroup section */

/* Begin PBXNativeTarget section */
		4D50E0E92264CD7600D1AC95 /* personality_quiz */ = {
			isa = PBXNativeTarget;
			buildConfigurationList = 4D50E1122264CD7700D1AC95 /* Build configuration list for PBXNativeTarget "personality_quiz" */;
			buildPhases = (
				4D50E0E62264CD7600D1AC95 /* Sources */,
				4D50E0E72264CD7600D1AC95 /* Frameworks */,
				4D50E0E82264CD7600D1AC95 /* Resources */,
			);
			buildRules = (
			);
			dependencies = (
			);
			name = personality_quiz;
			productName = personality_quiz;
			productReference = 4D50E0EA2264CD7600D1AC95 /* personality_quiz.app */;
			productType = "com.apple.product-type.application";
		};
		4D50E0FD2264CD7700D1AC95 /* personality_quizTests */ = {
			isa = PBXNativeTarget;
			buildConfigurationList = 4D50E1152264CD7700D1AC95 /* Build configuration list for PBXNativeTarget "personality_quizTests" */;
			buildPhases = (
				4D50E0FA2264CD7700D1AC95 /* Sources */,
				4D50E0FB2264CD7700D1AC95 /* Frameworks */,
				4D50E0FC2264CD7700D1AC95 /* Resources */,
			);
			buildRules = (
			);
			dependencies = (
				4D50E1002264CD7700D1AC95 /* PBXTargetDependency */,
			);
			name = personality_quizTests;
			productName = personality_quizTests;
			productReference = 4D50E0FE2264CD7700D1AC95 /* personality_quizTests.xctest */;
			productType = "com.apple.product-type.bundle.unit-test";
		};
		4D50E1082264CD7700D1AC95 /* personality_quizUITests */ = {
			isa = PBXNativeTarget;
			buildConfigurationList = 4D50E1182264CD7700D1AC95 /* Build configuration list for PBXNativeTarget "personality_quizUITests" */;
			buildPhases = (
				4D50E1052264CD7700D1AC95 /* Sources */,
				4D50E1062264CD7700D1AC95 /* Frameworks */,
				4D50E1072264CD7700D1AC95 /* Resources */,
			);
			buildRules = (
			);
			dependencies = (
				4D50E10B2264CD7700D1AC95 /* PBXTargetDependency */,
			);
			name = personality_quizUITests;
			productName = personality_quizUITests;
			productReference = 4D50E1092264CD7700D1AC95 /* personality_quizUITests.xctest */;
			productType = "com.apple.product-type.bundle.ui-testing";
		};
/* End PBXNativeTarget section */

/* Begin PBXProject section */
		4D50E0E22264CD7600D1AC95 /* Project object */ = {
			isa = PBXProject;
			attributes = {
				LastSwiftUpdateCheck = 1010;
				LastUpgradeCheck = 1010;
				ORGANIZATIONNAME = Mark;
				TargetAttributes = {
					4D50E0E92264CD7600D1AC95 = {
						CreatedOnToolsVersion = 10.1;
					};
					4D50E0FD2264CD7700D1AC95 = {
						CreatedOnToolsVersion = 10.1;
						TestTargetID = 4D50E0E92264CD7600D1AC95;
					};
					4D50E1082264CD7700D1AC95 = {
						CreatedOnToolsVersion = 10.1;
						TestTargetID = 4D50E0E92264CD7600D1AC95;
					};
				};
			};
			buildConfigurationList = 4D50E0E52264CD7600D1AC95 /* Build configuration list for PBXProject "personality_quiz" */;
			compatibilityVersion = "Xcode 9.3";
			developmentRegion = en;
			hasScannedForEncodings = 0;
			knownRegions = (
				en,
				Base,
			);
			mainGroup = 4D50E0E12264CD7600D1AC95;
			productRefGroup = 4D50E0EB2264CD7600D1AC95 /* Products */;
			projectDirPath = "";
			projectRoot = "";
			targets = (
				4D50E0E92264CD7600D1AC95 /* personality_quiz */,
				4D50E0FD2264CD7700D1AC95 /* personality_quizTests */,
				4D50E1082264CD7700D1AC95 /* personality_quizUITests */,
			);
		};
/* End PBXProject section */

/* Begin PBXResourcesBuildPhase section */
		4D50E0E82264CD7600D1AC95 /* Resources */ = {
			isa = PBXResourcesBuildPhase;
			buildActionMask = 2147483647;
			files = (
				4D50E0F82264CD7700D1AC95 /* LaunchScreen.storyboard in Resources */,
				4D50E0F52264CD7700D1AC95 /* Assets.xcassets in Resources */,
				4D50E0F32264CD7600D1AC95 /* Main.storyboard in Resources */,
			);
			runOnlyForDeploymentPostprocessing = 0;
		};
		4D50E0FC2264CD7700D1AC95 /* Resources */ = {
			isa = PBXResourcesBuildPhase;
			buildActionMask = 2147483647;
			files = (
			);
			runOnlyForDeploymentPostprocessing = 0;
		};
		4D50E1072264CD7700D1AC95 /* Resources */ = {
			isa = PBXResourcesBuildPhase;
			buildActionMask = 2147483647;
			files = (
			);
			runOnlyForDeploymentPostprocessing = 0;
		};
/* End PBXResourcesBuildPhase section */

/* Begin PBXSourcesBuildPhase section */
		4D50E0E62264CD7600D1AC95 /* Sources */ = {
			isa = PBXSourcesBuildPhase;
			buildActionMask = 2147483647;
			files = (
				4D50E0F02264CD7600D1AC95 /* IntroductionViewController.swift in Sources */,
				4D50E0EE2264CD7600D1AC95 /* AppDelegate.swift in Sources */,
				4D0DCC482268F8300082273E /* QuestionData.swift in Sources */,
				4D23F50122679661005268B4 /* QuestionViewController.swift in Sources */,
				4D23F50322679718005268B4 /* ResultsViewController.swift in Sources */,
			);
			runOnlyForDeploymentPostprocessing = 0;
		};
		4D50E0FA2264CD7700D1AC95 /* Sources */ = {
			isa = PBXSourcesBuildPhase;
			buildActionMask = 2147483647;
			files = (
				4D50E1032264CD7700D1AC95 /* personality_quizTests.swift in Sources */,
			);
			runOnlyForDeploymentPostprocessing = 0;
		};
		4D50E1052264CD7700D1AC95 /* Sources */ = {
			isa = PBXSourcesBuildPhase;
			buildActionMask = 2147483647;
			files = (
				4D50E10E2264CD7700D1AC95 /* personality_quizUITests.swift in Sources */,
			);
			runOnlyForDeploymentPostprocessing = 0;
		};
/* End PBXSourcesBuildPhase section */

/* Begin PBXTargetDependency section */
		4D50E1002264CD7700D1AC95 /* PBXTargetDependency */ = {
			isa = PBXTargetDependency;
			target = 4D50E0E92264CD7600D1AC95 /* personality_quiz */;
			targetProxy = 4D50E0FF2264CD7700D1AC95 /* PBXContainerItemProxy */;
		};
		4D50E10B2264CD7700D1AC95 /* PBXTargetDependency */ = {
			isa = PBXTargetDependency;
			target = 4D50E0E92264CD7600D1AC95 /* personality_quiz */;
			targetProxy = 4D50E10A2264CD7700D1AC95 /* PBXContainerItemProxy */;
		};
/* End PBXTargetDependency section */

/* Begin PBXVariantGroup section */
		4D50E0F12264CD7600D1AC95 /* Main.storyboard */ = {
			isa = PBXVariantGroup;
			children = (
				4D50E0F22264CD7600D1AC95 /* Base */,
			);
			name = Main.storyboard;
			sourceTree = "<group>";
		};
		4D50E0F62264CD7700D1AC95 /* LaunchScreen.storyboard */ = {
			isa = PBXVariantGroup;
			children = (
				4D50E0F72264CD7700D1AC95 /* Base */,
			);
			name = LaunchScreen.storyboard;
			sourceTree = "<group>";
		};
/* End PBXVariantGroup section */

/* Begin XCBuildConfiguration section */
		4D50E1102264CD7700D1AC95 /* Debug */ = {
			isa = XCBuildConfiguration;
			buildSettings = {
				ALWAYS_SEARCH_USER_PATHS = NO;
				CLANG_ANALYZER_NONNULL = YES;
				CLANG_ANALYZER_NUMBER_OBJECT_CONVERSION = YES_AGGRESSIVE;
				CLANG_CXX_LANGUAGE_STANDARD = "gnu++14";
				CLANG_CXX_LIBRARY = "libc++";
				CLANG_ENABLE_MODULES = YES;
				CLANG_ENABLE_OBJC_ARC = YES;
				CLANG_ENABLE_OBJC_WEAK = YES;
				CLANG_WARN_BLOCK_CAPTURE_AUTORELEASING = YES;
				CLANG_WARN_BOOL_CONVERSION = YES;
				CLANG_WARN_COMMA = YES;
				CLANG_WARN_CONSTANT_CONVERSION = YES;
				CLANG_WARN_DEPRECATED_OBJC_IMPLEMENTATIONS = YES;
				CLANG_WARN_DIRECT_OBJC_ISA_USAGE = YES_ERROR;
				CLANG_WARN_DOCUMENTATION_COMMENTS = YES;
				CLANG_WARN_EMPTY_BODY = YES;
				CLANG_WARN_ENUM_CONVERSION = YES;
				CLANG_WARN_INFINITE_RECURSION = YES;
				CLANG_WARN_INT_CONVERSION = YES;
				CLANG_WARN_NON_LITERAL_NULL_CONVERSION = YES;
				CLANG_WARN_OBJC_IMPLICIT_RETAIN_SELF = YES;
				CLANG_WARN_OBJC_LITERAL_CONVERSION = YES;
				CLANG_WARN_OBJC_ROOT_CLASS = YES_ERROR;
				CLANG_WARN_RANGE_LOOP_ANALYSIS = YES;
				CLANG_WARN_STRICT_PROTOTYPES = YES;
				CLANG_WARN_SUSPICIOUS_MOVE = YES;
				CLANG_WARN_UNGUARDED_AVAILABILITY = YES_AGGRESSIVE;
				CLANG_WARN_UNREACHABLE_CODE = YES;
				CLANG_WARN__DUPLICATE_METHOD_MATCH = YES;
				CODE_SIGN_IDENTITY = "iPhone Developer";
				COPY_PHASE_STRIP = NO;
				DEBUG_INFORMATION_FORMAT = dwarf;
				ENABLE_STRICT_OBJC_MSGSEND = YES;
				ENABLE_TESTABILITY = YES;
				GCC_C_LANGUAGE_STANDARD = gnu11;
				GCC_DYNAMIC_NO_PIC = NO;
				GCC_NO_COMMON_BLOCKS = YES;
				GCC_OPTIMIZATION_LEVEL = 0;
				GCC_PREPROCESSOR_DEFINITIONS = (
					"DEBUG=1",
					"$(inherited)",
				);
				GCC_WARN_64_TO_32_BIT_CONVERSION = YES;
				GCC_WARN_ABOUT_RETURN_TYPE = YES_ERROR;
				GCC_WARN_UNDECLARED_SELECTOR = YES;
				GCC_WARN_UNINITIALIZED_AUTOS = YES_AGGRESSIVE;
				GCC_WARN_UNUSED_FUNCTION = YES;
				GCC_WARN_UNUSED_VARIABLE = YES;
				IPHONEOS_DEPLOYMENT_TARGET = 12.1;
				MTL_ENABLE_DEBUG_INFO = INCLUDE_SOURCE;
				MTL_FAST_MATH = YES;
				ONLY_ACTIVE_ARCH = YES;
				SDKROOT = iphoneos;
				SWIFT_ACTIVE_COMPILATION_CONDITIONS = DEBUG;
				SWIFT_OPTIMIZATION_LEVEL = "-Onone";
			};
			name = Debug;
		};
		4D50E1112264CD7700D1AC95 /* Release */ = {
			isa = XCBuildConfiguration;
			buildSettings = {
				ALWAYS_SEARCH_USER_PATHS = NO;
				CLANG_ANALYZER_NONNULL = YES;
				CLANG_ANALYZER_NUMBER_OBJECT_CONVERSION = YES_AGGRESSIVE;
				CLANG_CXX_LANGUAGE_STANDARD = "gnu++14";
				CLANG_CXX_LIBRARY = "libc++";
				CLANG_ENABLE_MODULES = YES;
				CLANG_ENABLE_OBJC_ARC = YES;
				CLANG_ENABLE_OBJC_WEAK = YES;
				CLANG_WARN_BLOCK_CAPTURE_AUTORELEASING = YES;
				CLANG_WARN_BOOL_CONVERSION = YES;
				CLANG_WARN_COMMA = YES;
				CLANG_WARN_CONSTANT_CONVERSION = YES;
				CLANG_WARN_DEPRECATED_OBJC_IMPLEMENTATIONS = YES;
				CLANG_WARN_DIRECT_OBJC_ISA_USAGE = YES_ERROR;
				CLANG_WARN_DOCUMENTATION_COMMENTS = YES;
				CLANG_WARN_EMPTY_BODY = YES;
				CLANG_WARN_ENUM_CONVERSION = YES;
				CLANG_WARN_INFINITE_RECURSION = YES;
				CLANG_WARN_INT_CONVERSION = YES;
				CLANG_WARN_NON_LITERAL_NULL_CONVERSION = YES;
				CLANG_WARN_OBJC_IMPLICIT_RETAIN_SELF = YES;
				CLANG_WARN_OBJC_LITERAL_CONVERSION = YES;
				CLANG_WARN_OBJC_ROOT_CLASS = YES_ERROR;
				CLANG_WARN_RANGE_LOOP_ANALYSIS = YES;
				CLANG_WARN_STRICT_PROTOTYPES = YES;
				CLANG_WARN_SUSPICIOUS_MOVE = YES;
				CLANG_WARN_UNGUARDED_AVAILABILITY = YES_AGGRESSIVE;
				CLANG_WARN_UNREACHABLE_CODE = YES;
				CLANG_WARN__DUPLICATE_METHOD_MATCH = YES;
				CODE_SIGN_IDENTITY = "iPhone Developer";
				COPY_PHASE_STRIP = NO;
				DEBUG_INFORMATION_FORMAT = "dwarf-with-dsym";
				ENABLE_NS_ASSERTIONS = NO;
				ENABLE_STRICT_OBJC_MSGSEND = YES;
				GCC_C_LANGUAGE_STANDARD = gnu11;
				GCC_NO_COMMON_BLOCKS = YES;
				GCC_WARN_64_TO_32_BIT_CONVERSION = YES;
				GCC_WARN_ABOUT_RETURN_TYPE = YES_ERROR;
				GCC_WARN_UNDECLARED_SELECTOR = YES;
				GCC_WARN_UNINITIALIZED_AUTOS = YES_AGGRESSIVE;
				GCC_WARN_UNUSED_FUNCTION = YES;
				GCC_WARN_UNUSED_VARIABLE = YES;
				IPHONEOS_DEPLOYMENT_TARGET = 12.1;
				MTL_ENABLE_DEBUG_INFO = NO;
				MTL_FAST_MATH = YES;
				SDKROOT = iphoneos;
				SWIFT_COMPILATION_MODE = wholemodule;
				SWIFT_OPTIMIZATION_LEVEL = "-O";
				VALIDATE_PRODUCT = YES;
			};
			name = Release;
		};
		4D50E1132264CD7700D1AC95 /* Debug */ = {
			isa = XCBuildConfiguration;
			buildSettings = {
				ASSETCATALOG_COMPILER_APPICON_NAME = AppIcon;
				CODE_SIGN_STYLE = Automatic;
				INFOPLIST_FILE = personality_quiz/Info.plist;
				LD_RUNPATH_SEARCH_PATHS = (
					"$(inherited)",
					"@executable_path/Frameworks",
				);
				PRODUCT_BUNDLE_IDENTIFIER = "org.ssfs.personality-quiz";
				PRODUCT_NAME = "$(TARGET_NAME)";
				SWIFT_VERSION = 4.2;
				TARGETED_DEVICE_FAMILY = "1,2";
			};
			name = Debug;
		};
		4D50E1142264CD7700D1AC95 /* Release */ = {
			isa = XCBuildConfiguration;
			buildSettings = {
				ASSETCATALOG_COMPILER_APPICON_NAME = AppIcon;
				CODE_SIGN_STYLE = Automatic;
				INFOPLIST_FILE = personality_quiz/Info.plist;
				LD_RUNPATH_SEARCH_PATHS = (
					"$(inherited)",
					"@executable_path/Frameworks",
				);
				PRODUCT_BUNDLE_IDENTIFIER = "org.ssfs.personality-quiz";
				PRODUCT_NAME = "$(TARGET_NAME)";
				SWIFT_VERSION = 4.2;
				TARGETED_DEVICE_FAMILY = "1,2";
			};
			name = Release;
		};
		4D50E1162264CD7700D1AC95 /* Debug */ = {
			isa = XCBuildConfiguration;
			buildSettings = {
				ALWAYS_EMBED_SWIFT_STANDARD_LIBRARIES = YES;
				BUNDLE_LOADER = "$(TEST_HOST)";
				CODE_SIGN_STYLE = Automatic;
				INFOPLIST_FILE = personality_quizTests/Info.plist;
				LD_RUNPATH_SEARCH_PATHS = (
					"$(inherited)",
					"@executable_path/Frameworks",
					"@loader_path/Frameworks",
				);
				PRODUCT_BUNDLE_IDENTIFIER = "org.ssfs.personality-quizTests";
				PRODUCT_NAME = "$(TARGET_NAME)";
				SWIFT_VERSION = 4.2;
				TARGETED_DEVICE_FAMILY = "1,2";
				TEST_HOST = "$(BUILT_PRODUCTS_DIR)/personality_quiz.app/personality_quiz";
			};
			name = Debug;
		};
		4D50E1172264CD7700D1AC95 /* Release */ = {
			isa = XCBuildConfiguration;
			buildSettings = {
				ALWAYS_EMBED_SWIFT_STANDARD_LIBRARIES = YES;
				BUNDLE_LOADER = "$(TEST_HOST)";
				CODE_SIGN_STYLE = Automatic;
				INFOPLIST_FILE = personality_quizTests/Info.plist;
				LD_RUNPATH_SEARCH_PATHS = (
					"$(inherited)",
					"@executable_path/Frameworks",
					"@loader_path/Frameworks",
				);
				PRODUCT_BUNDLE_IDENTIFIER = "org.ssfs.personality-quizTests";
				PRODUCT_NAME = "$(TARGET_NAME)";
				SWIFT_VERSION = 4.2;
				TARGETED_DEVICE_FAMILY = "1,2";
				TEST_HOST = "$(BUILT_PRODUCTS_DIR)/personality_quiz.app/personality_quiz";
			};
			name = Release;
		};
		4D50E1192264CD7700D1AC95 /* Debug */ = {
			isa = XCBuildConfiguration;
			buildSettings = {
				ALWAYS_EMBED_SWIFT_STANDARD_LIBRARIES = YES;
				CODE_SIGN_STYLE = Automatic;
				INFOPLIST_FILE = personality_quizUITests/Info.plist;
				LD_RUNPATH_SEARCH_PATHS = (
					"$(inherited)",
					"@executable_path/Frameworks",
					"@loader_path/Frameworks",
				);
				PRODUCT_BUNDLE_IDENTIFIER = "org.ssfs.personality-quizUITests";
				PRODUCT_NAME = "$(TARGET_NAME)";
				SWIFT_VERSION = 4.2;
				TARGETED_DEVICE_FAMILY = "1,2";
				TEST_TARGET_NAME = personality_quiz;
			};
			name = Debug;
		};
		4D50E11A2264CD7700D1AC95 /* Release */ = {
			isa = XCBuildConfiguration;
			buildSettings = {
				ALWAYS_EMBED_SWIFT_STANDARD_LIBRARIES = YES;
				CODE_SIGN_STYLE = Automatic;
				INFOPLIST_FILE = personality_quizUITests/Info.plist;
				LD_RUNPATH_SEARCH_PATHS = (
					"$(inherited)",
					"@executable_path/Frameworks",
					"@loader_path/Frameworks",
				);
				PRODUCT_BUNDLE_IDENTIFIER = "org.ssfs.personality-quizUITests";
				PRODUCT_NAME = "$(TARGET_NAME)";
				SWIFT_VERSION = 4.2;
				TARGETED_DEVICE_FAMILY = "1,2";
				TEST_TARGET_NAME = personality_quiz;
			};
			name = Release;
		};
/* End XCBuildConfiguration section */

/* Begin XCConfigurationList section */
		4D50E0E52264CD7600D1AC95 /* Build configuration list for PBXProject "personality_quiz" */ = {
			isa = XCConfigurationList;
			buildConfigurations = (
				4D50E1102264CD7700D1AC95 /* Debug */,
				4D50E1112264CD7700D1AC95 /* Release */,
			);
			defaultConfigurationIsVisible = 0;
			defaultConfigurationName = Release;
		};
		4D50E1122264CD7700D1AC95 /* Build configuration list for PBXNativeTarget "personality_quiz" */ = {
			isa = XCConfigurationList;
			buildConfigurations = (
				4D50E1132264CD7700D1AC95 /* Debug */,
				4D50E1142264CD7700D1AC95 /* Release */,
			);
			defaultConfigurationIsVisible = 0;
			defaultConfigurationName = Release;
		};
		4D50E1152264CD7700D1AC95 /* Build configuration list for PBXNativeTarget "personality_quizTests" */ = {
			isa = XCConfigurationList;
			buildConfigurations = (
				4D50E1162264CD7700D1AC95 /* Debug */,
				4D50E1172264CD7700D1AC95 /* Release */,
			);
			defaultConfigurationIsVisible = 0;
			defaultConfigurationName = Release;
		};
		4D50E1182264CD7700D1AC95 /* Build configuration list for PBXNativeTarget "personality_quizUITests" */ = {
			isa = XCConfigurationList;
			buildConfigurations = (
				4D50E1192264CD7700D1AC95 /* Debug */,
				4D50E11A2264CD7700D1AC95 /* Release */,
			);
			defaultConfigurationIsVisible = 0;
			defaultConfigurationName = Release;
		};
/* End XCConfigurationList section */
	};
	rootObject = 4D50E0E22264CD7600D1AC95 /* Project object */;
}
