// !$*UTF8*$!
{
	archiveVersion = 1;
	classes = {
	};
	objectVersion = 50;
	objects = {

/* Begin PBXBuildFile section */
		4D5E44322254FCF200CE301E /* AppDelegate.swift in Sources */ = {isa = PBXBuildFile; fileRef = 4D5E44312254FCF200CE301E /* AppDelegate.swift */; };
		4D5E44342254FCF200CE301E /* ViewController.swift in Sources */ = {isa = PBXBuildFile; fileRef = 4D5E44332254FCF200CE301E /* ViewController.swift */; };
		4D5E44372254FCF200CE301E /* Main.storyboard in Resources */ = {isa = PBXBuildFile; fileRef = 4D5E44352254FCF200CE301E /* Main.storyboard */; };
		4D5E44392254FCF500CE301E /* Assets.xcassets in Resources */ = {isa = PBXBuildFile; fileRef = 4D5E44382254FCF500CE301E /* Assets.xcassets */; };
		4D5E443C2254FCF500CE301E /* LaunchScreen.storyboard in Resources */ = {isa = PBXBuildFile; fileRef = 4D5E443A2254FCF500CE301E /* LaunchScreen.storyboard */; };
		4D5E44472254FCF500CE301E /* login_labTests.swift in Sources */ = {isa = PBXBuildFile; fileRef = 4D5E44462254FCF500CE301E /* login_labTests.swift */; };
		4D5E44522254FCF500CE301E /* login_labUITests.swift in Sources */ = {isa = PBXBuildFile; fileRef = 4D5E44512254FCF500CE301E /* login_labUITests.swift */; };
/* End PBXBuildFile section */

/* Begin PBXContainerItemProxy section */
		4D5E44432254FCF500CE301E /* PBXContainerItemProxy */ = {
			isa = PBXContainerItemProxy;
			containerPortal = 4D5E44262254FCF200CE301E /* Project object */;
			proxyType = 1;
			remoteGlobalIDString = 4D5E442D2254FCF200CE301E;
			remoteInfo = login_lab;
		};
		4D5E444E2254FCF500CE301E /* PBXContainerItemProxy */ = {
			isa = PBXContainerItemProxy;
			containerPortal = 4D5E44262254FCF200CE301E /* Project object */;
			proxyType = 1;
			remoteGlobalIDString = 4D5E442D2254FCF200CE301E;
			remoteInfo = login_lab;
		};
/* End PBXContainerItemProxy section */

/* Begin PBXFileReference section */
		4D5E442E2254FCF200CE301E /* login_lab.app */ = {isa = PBXFileReference; explicitFileType = wrapper.application; includeInIndex = 0; path = login_lab.app; sourceTree = BUILT_PRODUCTS_DIR; };
		4D5E44312254FCF200CE301E /* AppDelegate.swift */ = {isa = PBXFileReference; lastKnownFileType = sourcecode.swift; path = AppDelegate.swift; sourceTree = "<group>"; };
		4D5E44332254FCF200CE301E /* ViewController.swift */ = {isa = PBXFileReference; lastKnownFileType = sourcecode.swift; path = ViewController.swift; sourceTree = "<group>"; };
		4D5E44362254FCF200CE301E /* Base */ = {isa = PBXFileReference; lastKnownFileType = file.storyboard; name = Base; path = Base.lproj/Main.storyboard; sourceTree = "<group>"; };
		4D5E44382254FCF500CE301E /* Assets.xcassets */ = {isa = PBXFileReference; lastKnownFileType = folder.assetcatalog; path = Assets.xcassets; sourceTree = "<group>"; };
		4D5E443B2254FCF500CE301E /* Base */ = {isa = PBXFileReference; lastKnownFileType = file.storyboard; name = Base; path = Base.lproj/LaunchScreen.storyboard; sourceTree = "<group>"; };
		4D5E443D2254FCF500CE301E /* Info.plist */ = {isa = PBXFileReference; lastKnownFileType = text.plist.xml; path = Info.plist; sourceTree = "<group>"; };
		4D5E44422254FCF500CE301E /* login_labTests.xctest */ = {isa = PBXFileReference; explicitFileType = wrapper.cfbundle; includeInIndex = 0; path = login_labTests.xctest; sourceTree = BUILT_PRODUCTS_DIR; };
		4D5E44462254FCF500CE301E /* login_labTests.swift */ = {isa = PBXFileReference; lastKnownFileType = sourcecode.swift; path = login_labTests.swift; sourceTree = "<group>"; };
		4D5E44482254FCF500CE301E /* Info.plist */ = {isa = PBXFileReference; lastKnownFileType = text.plist.xml; path = Info.plist; sourceTree = "<group>"; };
		4D5E444D2254FCF500CE301E /* login_labUITests.xctest */ = {isa = PBXFileReference; explicitFileType = wrapper.cfbundle; includeInIndex = 0; path = login_labUITests.xctest; sourceTree = BUILT_PRODUCTS_DIR; };
		4D5E44512254FCF500CE301E /* login_labUITests.swift */ = {isa = PBXFileReference; lastKnownFileType = sourcecode.swift; path = login_labUITests.swift; sourceTree = "<group>"; };
		4D5E44532254FCF500CE301E /* Info.plist */ = {isa = PBXFileReference; lastKnownFileType = text.plist.xml; path = Info.plist; sourceTree = "<group>"; };
/* End PBXFileReference section */

/* Begin PBXFrameworksBuildPhase section */
		4D5E442B2254FCF200CE301E /* Frameworks */ = {
			isa = PBXFrameworksBuildPhase;
			buildActionMask = 2147483647;
			files = (
			);
			runOnlyForDeploymentPostprocessing = 0;
		};
		4D5E443F2254FCF500CE301E /* Frameworks */ = {
			isa = PBXFrameworksBuildPhase;
			buildActionMask = 2147483647;
			files = (
			);
			runOnlyForDeploymentPostprocessing = 0;
		};
		4D5E444A2254FCF500CE301E /* Frameworks */ = {
			isa = PBXFrameworksBuildPhase;
			buildActionMask = 2147483647;
			files = (
			);
			runOnlyForDeploymentPostprocessing = 0;
		};
/* End PBXFrameworksBuildPhase section */

/* Begin PBXGroup section */
		4D5E44252254FCF200CE301E = {
			isa = PBXGroup;
			children = (
				4D5E44302254FCF200CE301E /* login_lab */,
				4D5E44452254FCF500CE301E /* login_labTests */,
				4D5E44502254FCF500CE301E /* login_labUITests */,
				4D5E442F2254FCF200CE301E /* Products */,
			);
			sourceTree = "<group>";
		};
		4D5E442F2254FCF200CE301E /* Products */ = {
			isa = PBXGroup;
			children = (
				4D5E442E2254FCF200CE301E /* login_lab.app */,
				4D5E44422254FCF500CE301E /* login_labTests.xctest */,
				4D5E444D2254FCF500CE301E /* login_labUITests.xctest */,
			);
			name = Products;
			sourceTree = "<group>";
		};
		4D5E44302254FCF200CE301E /* login_lab */ = {
			isa = PBXGroup;
			children = (
				4D5E44312254FCF200CE301E /* AppDelegate.swift */,
				4D5E44332254FCF200CE301E /* ViewController.swift */,
				4D5E44352254FCF200CE301E /* Main.storyboard */,
				4D5E44382254FCF500CE301E /* Assets.xcassets */,
				4D5E443A2254FCF500CE301E /* LaunchScreen.storyboard */,
				4D5E443D2254FCF500CE301E /* Info.plist */,
			);
			path = login_lab;
			sourceTree = "<group>";
		};
		4D5E44452254FCF500CE301E /* login_labTests */ = {
			isa = PBXGroup;
			children = (
				4D5E44462254FCF500CE301E /* login_labTests.swift */,
				4D5E44482254FCF500CE301E /* Info.plist */,
			);
			path = login_labTests;
			sourceTree = "<group>";
		};
		4D5E44502254FCF500CE301E /* login_labUITests */ = {
			isa = PBXGroup;
			children = (
				4D5E44512254FCF500CE301E /* login_labUITests.swift */,
				4D5E44532254FCF500CE301E /* Info.plist */,
			);
			path = login_labUITests;
			sourceTree = "<group>";
		};
/* End PBXGroup section */

/* Begin PBXNativeTarget section */
		4D5E442D2254FCF200CE301E /* login_lab */ = {
			isa = PBXNativeTarget;
			buildConfigurationList = 4D5E44562254FCF500CE301E /* Build configuration list for PBXNativeTarget "login_lab" */;
			buildPhases = (
				4D5E442A2254FCF200CE301E /* Sources */,
				4D5E442B2254FCF200CE301E /* Frameworks */,
				4D5E442C2254FCF200CE301E /* Resources */,
			);
			buildRules = (
			);
			dependencies = (
			);
			name = login_lab;
			productName = login_lab;
			productReference = 4D5E442E2254FCF200CE301E /* login_lab.app */;
			productType = "com.apple.product-type.application";
		};
		4D5E44412254FCF500CE301E /* login_labTests */ = {
			isa = PBXNativeTarget;
			buildConfigurationList = 4D5E44592254FCF500CE301E /* Build configuration list for PBXNativeTarget "login_labTests" */;
			buildPhases = (
				4D5E443E2254FCF500CE301E /* Sources */,
				4D5E443F2254FCF500CE301E /* Frameworks */,
				4D5E44402254FCF500CE301E /* Resources */,
			);
			buildRules = (
			);
			dependencies = (
				4D5E44442254FCF500CE301E /* PBXTargetDependency */,
			);
			name = login_labTests;
			productName = login_labTests;
			productReference = 4D5E44422254FCF500CE301E /* login_labTests.xctest */;
			productType = "com.apple.product-type.bundle.unit-test";
		};
		4D5E444C2254FCF500CE301E /* login_labUITests */ = {
			isa = PBXNativeTarget;
			buildConfigurationList = 4D5E445C2254FCF500CE301E /* Build configuration list for PBXNativeTarget "login_labUITests" */;
			buildPhases = (
				4D5E44492254FCF500CE301E /* Sources */,
				4D5E444A2254FCF500CE301E /* Frameworks */,
				4D5E444B2254FCF500CE301E /* Resources */,
			);
			buildRules = (
			);
			dependencies = (
				4D5E444F2254FCF500CE301E /* PBXTargetDependency */,
			);
			name = login_labUITests;
			productName = login_labUITests;
			productReference = 4D5E444D2254FCF500CE301E /* login_labUITests.xctest */;
			productType = "com.apple.product-type.bundle.ui-testing";
		};
/* End PBXNativeTarget section */

/* Begin PBXProject section */
		4D5E44262254FCF200CE301E /* Project object */ = {
			isa = PBXProject;
			attributes = {
				LastSwiftUpdateCheck = 1010;
				LastUpgradeCheck = 1010;
				ORGANIZATIONNAME = Mark;
				TargetAttributes = {
					4D5E442D2254FCF200CE301E = {
						CreatedOnToolsVersion = 10.1;
					};
					4D5E44412254FCF500CE301E = {
						CreatedOnToolsVersion = 10.1;
						TestTargetID = 4D5E442D2254FCF200CE301E;
					};
					4D5E444C2254FCF500CE301E = {
						CreatedOnToolsVersion = 10.1;
						TestTargetID = 4D5E442D2254FCF200CE301E;
					};
				};
			};
			buildConfigurationList = 4D5E44292254FCF200CE301E /* Build configuration list for PBXProject "login_lab" */;
			compatibilityVersion = "Xcode 9.3";
			developmentRegion = en;
			hasScannedForEncodings = 0;
			knownRegions = (
				en,
				Base,
			);
			mainGroup = 4D5E44252254FCF200CE301E;
			productRefGroup = 4D5E442F2254FCF200CE301E /* Products */;
			projectDirPath = "";
			projectRoot = "";
			targets = (
				4D5E442D2254FCF200CE301E /* login_lab */,
				4D5E44412254FCF500CE301E /* login_labTests */,
				4D5E444C2254FCF500CE301E /* login_labUITests */,
			);
		};
/* End PBXProject section */

/* Begin PBXResourcesBuildPhase section */
		4D5E442C2254FCF200CE301E /* Resources */ = {
			isa = PBXResourcesBuildPhase;
			buildActionMask = 2147483647;
			files = (
				4D5E443C2254FCF500CE301E /* LaunchScreen.storyboard in Resources */,
				4D5E44392254FCF500CE301E /* Assets.xcassets in Resources */,
				4D5E44372254FCF200CE301E /* Main.storyboard in Resources */,
			);
			runOnlyForDeploymentPostprocessing = 0;
		};
		4D5E44402254FCF500CE301E /* Resources */ = {
			isa = PBXResourcesBuildPhase;
			buildActionMask = 2147483647;
			files = (
			);
			runOnlyForDeploymentPostprocessing = 0;
		};
		4D5E444B2254FCF500CE301E /* Resources */ = {
			isa = PBXResourcesBuildPhase;
			buildActionMask = 2147483647;
			files = (
			);
			runOnlyForDeploymentPostprocessing = 0;
		};
/* End PBXResourcesBuildPhase section */

/* Begin PBXSourcesBuildPhase section */
		4D5E442A2254FCF200CE301E /* Sources */ = {
			isa = PBXSourcesBuildPhase;
			buildActionMask = 2147483647;
			files = (
				4D5E44342254FCF200CE301E /* ViewController.swift in Sources */,
				4D5E44322254FCF200CE301E /* AppDelegate.swift in Sources */,
			);
			runOnlyForDeploymentPostprocessing = 0;
		};
		4D5E443E2254FCF500CE301E /* Sources */ = {
			isa = PBXSourcesBuildPhase;
			buildActionMask = 2147483647;
			files = (
				4D5E44472254FCF500CE301E /* login_labTests.swift in Sources */,
			);
			runOnlyForDeploymentPostprocessing = 0;
		};
		4D5E44492254FCF500CE301E /* Sources */ = {
			isa = PBXSourcesBuildPhase;
			buildActionMask = 2147483647;
			files = (
				4D5E44522254FCF500CE301E /* login_labUITests.swift in Sources */,
			);
			runOnlyForDeploymentPostprocessing = 0;
		};
/* End PBXSourcesBuildPhase section */

/* Begin PBXTargetDependency section */
		4D5E44442254FCF500CE301E /* PBXTargetDependency */ = {
			isa = PBXTargetDependency;
			target = 4D5E442D2254FCF200CE301E /* login_lab */;
			targetProxy = 4D5E44432254FCF500CE301E /* PBXContainerItemProxy */;
		};
		4D5E444F2254FCF500CE301E /* PBXTargetDependency */ = {
			isa = PBXTargetDependency;
			target = 4D5E442D2254FCF200CE301E /* login_lab */;
			targetProxy = 4D5E444E2254FCF500CE301E /* PBXContainerItemProxy */;
		};
/* End PBXTargetDependency section */

/* Begin PBXVariantGroup section */
		4D5E44352254FCF200CE301E /* Main.storyboard */ = {
			isa = PBXVariantGroup;
			children = (
				4D5E44362254FCF200CE301E /* Base */,
			);
			name = Main.storyboard;
			sourceTree = "<group>";
		};
		4D5E443A2254FCF500CE301E /* LaunchScreen.storyboard */ = {
			isa = PBXVariantGroup;
			children = (
				4D5E443B2254FCF500CE301E /* Base */,
			);
			name = LaunchScreen.storyboard;
			sourceTree = "<group>";
		};
/* End PBXVariantGroup section */

/* Begin XCBuildConfiguration section */
		4D5E44542254FCF500CE301E /* Debug */ = {
			isa = XCBuildConfiguration;
			buildSettings = {
				ALWAYS_SEARCH_USER_PATHS = NO;
				CLANG_ANALYZER_NONNULL = YES;
				CLANG_ANALYZER_NUMBER_OBJECT_CONVERSION = YES_AGGRESSIVE;
				CLANG_CXX_LANGUAGE_STANDARD = "gnu++14";
				CLANG_CXX_LIBRARY = "libc++";
				CLANG_ENABLE_MODULES = YES;
				CLANG_ENABLE_OBJC_ARC = YES;
				CLANG_ENABLE_OBJC_WEAK = YES;
				CLANG_WARN_BLOCK_CAPTURE_AUTORELEASING = YES;
				CLANG_WARN_BOOL_CONVERSION = YES;
				CLANG_WARN_COMMA = YES;
				CLANG_WARN_CONSTANT_CONVERSION = YES;
				CLANG_WARN_DEPRECATED_OBJC_IMPLEMENTATIONS = YES;
				CLANG_WARN_DIRECT_OBJC_ISA_USAGE = YES_ERROR;
				CLANG_WARN_DOCUMENTATION_COMMENTS = YES;
				CLANG_WARN_EMPTY_BODY = YES;
				CLANG_WARN_ENUM_CONVERSION = YES;
				CLANG_WARN_INFINITE_RECURSION = YES;
				CLANG_WARN_INT_CONVERSION = YES;
				CLANG_WARN_NON_LITERAL_NULL_CONVERSION = YES;
				CLANG_WARN_OBJC_IMPLICIT_RETAIN_SELF = YES;
				CLANG_WARN_OBJC_LITERAL_CONVERSION = YES;
				CLANG_WARN_OBJC_ROOT_CLASS = YES_ERROR;
				CLANG_WARN_RANGE_LOOP_ANALYSIS = YES;
				CLANG_WARN_STRICT_PROTOTYPES = YES;
				CLANG_WARN_SUSPICIOUS_MOVE = YES;
				CLANG_WARN_UNGUARDED_AVAILABILITY = YES_AGGRESSIVE;
				CLANG_WARN_UNREACHABLE_CODE = YES;
				CLANG_WARN__DUPLICATE_METHOD_MATCH = YES;
				CODE_SIGN_IDENTITY = "iPhone Developer";
				COPY_PHASE_STRIP = NO;
				DEBUG_INFORMATION_FORMAT = dwarf;
				ENABLE_STRICT_OBJC_MSGSEND = YES;
				ENABLE_TESTABILITY = YES;
				GCC_C_LANGUAGE_STANDARD = gnu11;
				GCC_DYNAMIC_NO_PIC = NO;
				GCC_NO_COMMON_BLOCKS = YES;
				GCC_OPTIMIZATION_LEVEL = 0;
				GCC_PREPROCESSOR_DEFINITIONS = (
					"DEBUG=1",
					"$(inherited)",
				);
				GCC_WARN_64_TO_32_BIT_CONVERSION = YES;
				GCC_WARN_ABOUT_RETURN_TYPE = YES_ERROR;
				GCC_WARN_UNDECLARED_SELECTOR = YES;
				GCC_WARN_UNINITIALIZED_AUTOS = YES_AGGRESSIVE;
				GCC_WARN_UNUSED_FUNCTION = YES;
				GCC_WARN_UNUSED_VARIABLE = YES;
				IPHONEOS_DEPLOYMENT_TARGET = 12.1;
				MTL_ENABLE_DEBUG_INFO = INCLUDE_SOURCE;
				MTL_FAST_MATH = YES;
				ONLY_ACTIVE_ARCH = YES;
				SDKROOT = iphoneos;
				SWIFT_ACTIVE_COMPILATION_CONDITIONS = DEBUG;
				SWIFT_OPTIMIZATION_LEVEL = "-Onone";
			};
			name = Debug;
		};
		4D5E44552254FCF500CE301E /* Release */ = {
			isa = XCBuildConfiguration;
			buildSettings = {
				ALWAYS_SEARCH_USER_PATHS = NO;
				CLANG_ANALYZER_NONNULL = YES;
				CLANG_ANALYZER_NUMBER_OBJECT_CONVERSION = YES_AGGRESSIVE;
				CLANG_CXX_LANGUAGE_STANDARD = "gnu++14";
				CLANG_CXX_LIBRARY = "libc++";
				CLANG_ENABLE_MODULES = YES;
				CLANG_ENABLE_OBJC_ARC = YES;
				CLANG_ENABLE_OBJC_WEAK = YES;
				CLANG_WARN_BLOCK_CAPTURE_AUTORELEASING = YES;
				CLANG_WARN_BOOL_CONVERSION = YES;
				CLANG_WARN_COMMA = YES;
				CLANG_WARN_CONSTANT_CONVERSION = YES;
				CLANG_WARN_DEPRECATED_OBJC_IMPLEMENTATIONS = YES;
				CLANG_WARN_DIRECT_OBJC_ISA_USAGE = YES_ERROR;
				CLANG_WARN_DOCUMENTATION_COMMENTS = YES;
				CLANG_WARN_EMPTY_BODY = YES;
				CLANG_WARN_ENUM_CONVERSION = YES;
				CLANG_WARN_INFINITE_RECURSION = YES;
				CLANG_WARN_INT_CONVERSION = YES;
				CLANG_WARN_NON_LITERAL_NULL_CONVERSION = YES;
				CLANG_WARN_OBJC_IMPLICIT_RETAIN_SELF = YES;
				CLANG_WARN_OBJC_LITERAL_CONVERSION = YES;
				CLANG_WARN_OBJC_ROOT_CLASS = YES_ERROR;
				CLANG_WARN_RANGE_LOOP_ANALYSIS = YES;
				CLANG_WARN_STRICT_PROTOTYPES = YES;
				CLANG_WARN_SUSPICIOUS_MOVE = YES;
				CLANG_WARN_UNGUARDED_AVAILABILITY = YES_AGGRESSIVE;
				CLANG_WARN_UNREACHABLE_CODE = YES;
				CLANG_WARN__DUPLICATE_METHOD_MATCH = YES;
				CODE_SIGN_IDENTITY = "iPhone Developer";
				COPY_PHASE_STRIP = NO;
				DEBUG_INFORMATION_FORMAT = "dwarf-with-dsym";
				ENABLE_NS_ASSERTIONS = NO;
				ENABLE_STRICT_OBJC_MSGSEND = YES;
				GCC_C_LANGUAGE_STANDARD = gnu11;
				GCC_NO_COMMON_BLOCKS = YES;
				GCC_WARN_64_TO_32_BIT_CONVERSION = YES;
				GCC_WARN_ABOUT_RETURN_TYPE = YES_ERROR;
				GCC_WARN_UNDECLARED_SELECTOR = YES;
				GCC_WARN_UNINITIALIZED_AUTOS = YES_AGGRESSIVE;
				GCC_WARN_UNUSED_FUNCTION = YES;
				GCC_WARN_UNUSED_VARIABLE = YES;
				IPHONEOS_DEPLOYMENT_TARGET = 12.1;
				MTL_ENABLE_DEBUG_INFO = NO;
				MTL_FAST_MATH = YES;
				SDKROOT = iphoneos;
				SWIFT_COMPILATION_MODE = wholemodule;
				SWIFT_OPTIMIZATION_LEVEL = "-O";
				VALIDATE_PRODUCT = YES;
			};
			name = Release;
		};
		4D5E44572254FCF500CE301E /* Debug */ = {
			isa = XCBuildConfiguration;
			buildSettings = {
				ASSETCATALOG_COMPILER_APPICON_NAME = AppIcon;
				CODE_SIGN_STYLE = Automatic;
				INFOPLIST_FILE = login_lab/Info.plist;
				LD_RUNPATH_SEARCH_PATHS = (
					"$(inherited)",
					"@executable_path/Frameworks",
				);
				PRODUCT_BUNDLE_IDENTIFIER = "org.ssfs.login-lab";
				PRODUCT_NAME = "$(TARGET_NAME)";
				SWIFT_VERSION = 4.2;
				TARGETED_DEVICE_FAMILY = "1,2";
			};
			name = Debug;
		};
		4D5E44582254FCF500CE301E /* Release */ = {
			isa = XCBuildConfiguration;
			buildSettings = {
				ASSETCATALOG_COMPILER_APPICON_NAME = AppIcon;
				CODE_SIGN_STYLE = Automatic;
				INFOPLIST_FILE = login_lab/Info.plist;
				LD_RUNPATH_SEARCH_PATHS = (
					"$(inherited)",
					"@executable_path/Frameworks",
				);
				PRODUCT_BUNDLE_IDENTIFIER = "org.ssfs.login-lab";
				PRODUCT_NAME = "$(TARGET_NAME)";
				SWIFT_VERSION = 4.2;
				TARGETED_DEVICE_FAMILY = "1,2";
			};
			name = Release;
		};
		4D5E445A2254FCF500CE301E /* Debug */ = {
			isa = XCBuildConfiguration;
			buildSettings = {
				ALWAYS_EMBED_SWIFT_STANDARD_LIBRARIES = YES;
				BUNDLE_LOADER = "$(TEST_HOST)";
				CODE_SIGN_STYLE = Automatic;
				INFOPLIST_FILE = login_labTests/Info.plist;
				LD_RUNPATH_SEARCH_PATHS = (
					"$(inherited)",
					"@executable_path/Frameworks",
					"@loader_path/Frameworks",
				);
				PRODUCT_BUNDLE_IDENTIFIER = "org.ssfs.login-labTests";
				PRODUCT_NAME = "$(TARGET_NAME)";
				SWIFT_VERSION = 4.2;
				TARGETED_DEVICE_FAMILY = "1,2";
				TEST_HOST = "$(BUILT_PRODUCTS_DIR)/login_lab.app/login_lab";
			};
			name = Debug;
		};
		4D5E445B2254FCF500CE301E /* Release */ = {
			isa = XCBuildConfiguration;
			buildSettings = {
				ALWAYS_EMBED_SWIFT_STANDARD_LIBRARIES = YES;
				BUNDLE_LOADER = "$(TEST_HOST)";
				CODE_SIGN_STYLE = Automatic;
				INFOPLIST_FILE = login_labTests/Info.plist;
				LD_RUNPATH_SEARCH_PATHS = (
					"$(inherited)",
					"@executable_path/Frameworks",
					"@loader_path/Frameworks",
				);
				PRODUCT_BUNDLE_IDENTIFIER = "org.ssfs.login-labTests";
				PRODUCT_NAME = "$(TARGET_NAME)";
				SWIFT_VERSION = 4.2;
				TARGETED_DEVICE_FAMILY = "1,2";
				TEST_HOST = "$(BUILT_PRODUCTS_DIR)/login_lab.app/login_lab";
			};
			name = Release;
		};
		4D5E445D2254FCF500CE301E /* Debug */ = {
			isa = XCBuildConfiguration;
			buildSettings = {
				ALWAYS_EMBED_SWIFT_STANDARD_LIBRARIES = YES;
				CODE_SIGN_STYLE = Automatic;
				INFOPLIST_FILE = login_labUITests/Info.plist;
				LD_RUNPATH_SEARCH_PATHS = (
					"$(inherited)",
					"@executable_path/Frameworks",
					"@loader_path/Frameworks",
				);
				PRODUCT_BUNDLE_IDENTIFIER = "org.ssfs.login-labUITests";
				PRODUCT_NAME = "$(TARGET_NAME)";
				SWIFT_VERSION = 4.2;
				TARGETED_DEVICE_FAMILY = "1,2";
				TEST_TARGET_NAME = login_lab;
			};
			name = Debug;
		};
		4D5E445E2254FCF500CE301E /* Release */ = {
			isa = XCBuildConfiguration;
			buildSettings = {
				ALWAYS_EMBED_SWIFT_STANDARD_LIBRARIES = YES;
				CODE_SIGN_STYLE = Automatic;
				INFOPLIST_FILE = login_labUITests/Info.plist;
				LD_RUNPATH_SEARCH_PATHS = (
					"$(inherited)",
					"@executable_path/Frameworks",
					"@loader_path/Frameworks",
				);
				PRODUCT_BUNDLE_IDENTIFIER = "org.ssfs.login-labUITests";
				PRODUCT_NAME = "$(TARGET_NAME)";
				SWIFT_VERSION = 4.2;
				TARGETED_DEVICE_FAMILY = "1,2";
				TEST_TARGET_NAME = login_lab;
			};
			name = Release;
		};
/* End XCBuildConfiguration section */

/* Begin XCConfigurationList section */
		4D5E44292254FCF200CE301E /* Build configuration list for PBXProject "login_lab" */ = {
			isa = XCConfigurationList;
			buildConfigurations = (
				4D5E44542254FCF500CE301E /* Debug */,
				4D5E44552254FCF500CE301E /* Release */,
			);
			defaultConfigurationIsVisible = 0;
			defaultConfigurationName = Release;
		};
		4D5E44562254FCF500CE301E /* Build configuration list for PBXNativeTarget "login_lab" */ = {
			isa = XCConfigurationList;
			buildConfigurations = (
				4D5E44572254FCF500CE301E /* Debug */,
				4D5E44582254FCF500CE301E /* Release */,
			);
			defaultConfigurationIsVisible = 0;
			defaultConfigurationName = Release;
		};
		4D5E44592254FCF500CE301E /* Build configuration list for PBXNativeTarget "login_labTests" */ = {
			isa = XCConfigurationList;
			buildConfigurations = (
				4D5E445A2254FCF500CE301E /* Debug */,
				4D5E445B2254FCF500CE301E /* Release */,
			);
			defaultConfigurationIsVisible = 0;
			defaultConfigurationName = Release;
		};
		4D5E445C2254FCF500CE301E /* Build configuration list for PBXNativeTarget "login_labUITests" */ = {
			isa = XCConfigurationList;
			buildConfigurations = (
				4D5E445D2254FCF500CE301E /* Debug */,
				4D5E445E2254FCF500CE301E /* Release */,
			);
			defaultConfigurationIsVisible = 0;
			defaultConfigurationName = Release;
		};
/* End XCConfigurationList section */
	};
	rootObject = 4D5E44262254FCF200CE301E /* Project object */;
}
