// !$*UTF8*$!
{
	archiveVersion = 1;
	classes = {
	};
	objectVersion = 50;
	objects = {

/* Begin PBXBuildFile section */
		4D50E1282264CF8C00D1AC95 /* AppDelegate.swift in Sources */ = {isa = PBXBuildFile; fileRef = 4D50E1272264CF8C00D1AC95 /* AppDelegate.swift */; };
		4D50E12A2264CF8C00D1AC95 /* ViewController.swift in Sources */ = {isa = PBXBuildFile; fileRef = 4D50E1292264CF8C00D1AC95 /* ViewController.swift */; };
		4D50E12D2264CF8C00D1AC95 /* Main.storyboard in Resources */ = {isa = PBXBuildFile; fileRef = 4D50E12B2264CF8C00D1AC95 /* Main.storyboard */; };
		4D50E12F2264CF8D00D1AC95 /* Assets.xcassets in Resources */ = {isa = PBXBuildFile; fileRef = 4D50E12E2264CF8D00D1AC95 /* Assets.xcassets */; };
		4D50E1322264CF8D00D1AC95 /* LaunchScreen.storyboard in Resources */ = {isa = PBXBuildFile; fileRef = 4D50E1302264CF8D00D1AC95 /* LaunchScreen.storyboard */; };
		4D50E13D2264CF8D00D1AC95 /* OrderOfEventsTests.swift in Sources */ = {isa = PBXBuildFile; fileRef = 4D50E13C2264CF8D00D1AC95 /* OrderOfEventsTests.swift */; };
		4D50E1482264CF8D00D1AC95 /* OrderOfEventsUITests.swift in Sources */ = {isa = PBXBuildFile; fileRef = 4D50E1472264CF8D00D1AC95 /* OrderOfEventsUITests.swift */; };
		4D50E1562264D01200D1AC95 /* MiddleViewController.swift in Sources */ = {isa = PBXBuildFile; fileRef = 4D50E1552264D01200D1AC95 /* MiddleViewController.swift */; };
		4D50E1582264D03000D1AC95 /* LastViewController.swift in Sources */ = {isa = PBXBuildFile; fileRef = 4D50E1572264D03000D1AC95 /* LastViewController.swift */; };
/* End PBXBuildFile section */

/* Begin PBXContainerItemProxy section */
		4D50E1392264CF8D00D1AC95 /* PBXContainerItemProxy */ = {
			isa = PBXContainerItemProxy;
			containerPortal = 4D50E11C2264CF8C00D1AC95 /* Project object */;
			proxyType = 1;
			remoteGlobalIDString = 4D50E1232264CF8C00D1AC95;
			remoteInfo = OrderOfEvents;
		};
		4D50E1442264CF8D00D1AC95 /* PBXContainerItemProxy */ = {
			isa = PBXContainerItemProxy;
			containerPortal = 4D50E11C2264CF8C00D1AC95 /* Project object */;
			proxyType = 1;
			remoteGlobalIDString = 4D50E1232264CF8C00D1AC95;
			remoteInfo = OrderOfEvents;
		};
/* End PBXContainerItemProxy section */

/* Begin PBXFileReference section */
		4D50E1242264CF8C00D1AC95 /* OrderOfEvents.app */ = {isa = PBXFileReference; explicitFileType = wrapper.application; includeInIndex = 0; path = OrderOfEvents.app; sourceTree = BUILT_PRODUCTS_DIR; };
		4D50E1272264CF8C00D1AC95 /* AppDelegate.swift */ = {isa = PBXFileReference; lastKnownFileType = sourcecode.swift; path = AppDelegate.swift; sourceTree = "<group>"; };
		4D50E1292264CF8C00D1AC95 /* ViewController.swift */ = {isa = PBXFileReference; lastKnownFileType = sourcecode.swift; path = ViewController.swift; sourceTree = "<group>"; };
		4D50E12C2264CF8C00D1AC95 /* Base */ = {isa = PBXFileReference; lastKnownFileType = file.storyboard; name = Base; path = Base.lproj/Main.storyboard; sourceTree = "<group>"; };
		4D50E12E2264CF8D00D1AC95 /* Assets.xcassets */ = {isa = PBXFileReference; lastKnownFileType = folder.assetcatalog; path = Assets.xcassets; sourceTree = "<group>"; };
		4D50E1312264CF8D00D1AC95 /* Base */ = {isa = PBXFileReference; lastKnownFileType = file.storyboard; name = Base; path = Base.lproj/LaunchScreen.storyboard; sourceTree = "<group>"; };
		4D50E1332264CF8D00D1AC95 /* Info.plist */ = {isa = PBXFileReference; lastKnownFileType = text.plist.xml; path = Info.plist; sourceTree = "<group>"; };
		4D50E1382264CF8D00D1AC95 /* OrderOfEventsTests.xctest */ = {isa = PBXFileReference; explicitFileType = wrapper.cfbundle; includeInIndex = 0; path = OrderOfEventsTests.xctest; sourceTree = BUILT_PRODUCTS_DIR; };
		4D50E13C2264CF8D00D1AC95 /* OrderOfEventsTests.swift */ = {isa = PBXFileReference; lastKnownFileType = sourcecode.swift; path = OrderOfEventsTests.swift; sourceTree = "<group>"; };
		4D50E13E2264CF8D00D1AC95 /* Info.plist */ = {isa = PBXFileReference; lastKnownFileType = text.plist.xml; path = Info.plist; sourceTree = "<group>"; };
		4D50E1432264CF8D00D1AC95 /* OrderOfEventsUITests.xctest */ = {isa = PBXFileReference; explicitFileType = wrapper.cfbundle; includeInIndex = 0; path = OrderOfEventsUITests.xctest; sourceTree = BUILT_PRODUCTS_DIR; };
		4D50E1472264CF8D00D1AC95 /* OrderOfEventsUITests.swift */ = {isa = PBXFileReference; lastKnownFileType = sourcecode.swift; path = OrderOfEventsUITests.swift; sourceTree = "<group>"; };
		4D50E1492264CF8D00D1AC95 /* Info.plist */ = {isa = PBXFileReference; lastKnownFileType = text.plist.xml; path = Info.plist; sourceTree = "<group>"; };
		4D50E1552264D01200D1AC95 /* MiddleViewController.swift */ = {isa = PBXFileReference; lastKnownFileType = sourcecode.swift; path = MiddleViewController.swift; sourceTree = "<group>"; };
		4D50E1572264D03000D1AC95 /* LastViewController.swift */ = {isa = PBXFileReference; lastKnownFileType = sourcecode.swift; path = LastViewController.swift; sourceTree = "<group>"; };
/* End PBXFileReference section */

/* Begin PBXFrameworksBuildPhase section */
		4D50E1212264CF8C00D1AC95 /* Frameworks */ = {
			isa = PBXFrameworksBuildPhase;
			buildActionMask = 2147483647;
			files = (
			);
			runOnlyForDeploymentPostprocessing = 0;
		};
		4D50E1352264CF8D00D1AC95 /* Frameworks */ = {
			isa = PBXFrameworksBuildPhase;
			buildActionMask = 2147483647;
			files = (
			);
			runOnlyForDeploymentPostprocessing = 0;
		};
		4D50E1402264CF8D00D1AC95 /* Frameworks */ = {
			isa = PBXFrameworksBuildPhase;
			buildActionMask = 2147483647;
			files = (
			);
			runOnlyForDeploymentPostprocessing = 0;
		};
/* End PBXFrameworksBuildPhase section */

/* Begin PBXGroup section */
		4D50E11B2264CF8C00D1AC95 = {
			isa = PBXGroup;
			children = (
				4D50E1262264CF8C00D1AC95 /* OrderOfEvents */,
				4D50E13B2264CF8D00D1AC95 /* OrderOfEventsTests */,
				4D50E1462264CF8D00D1AC95 /* OrderOfEventsUITests */,
				4D50E1252264CF8C00D1AC95 /* Products */,
			);
			sourceTree = "<group>";
		};
		4D50E1252264CF8C00D1AC95 /* Products */ = {
			isa = PBXGroup;
			children = (
				4D50E1242264CF8C00D1AC95 /* OrderOfEvents.app */,
				4D50E1382264CF8D00D1AC95 /* OrderOfEventsTests.xctest */,
				4D50E1432264CF8D00D1AC95 /* OrderOfEventsUITests.xctest */,
			);
			name = Products;
			sourceTree = "<group>";
		};
		4D50E1262264CF8C00D1AC95 /* OrderOfEvents */ = {
			isa = PBXGroup;
			children = (
				4D50E1272264CF8C00D1AC95 /* AppDelegate.swift */,
				4D50E1292264CF8C00D1AC95 /* ViewController.swift */,
				4D50E12B2264CF8C00D1AC95 /* Main.storyboard */,
				4D50E12E2264CF8D00D1AC95 /* Assets.xcassets */,
				4D50E1302264CF8D00D1AC95 /* LaunchScreen.storyboard */,
				4D50E1572264D03000D1AC95 /* LastViewController.swift */,
				4D50E1552264D01200D1AC95 /* MiddleViewController.swift */,
				4D50E1332264CF8D00D1AC95 /* Info.plist */,
			);
			path = OrderOfEvents;
			sourceTree = "<group>";
		};
		4D50E13B2264CF8D00D1AC95 /* OrderOfEventsTests */ = {
			isa = PBXGroup;
			children = (
				4D50E13C2264CF8D00D1AC95 /* OrderOfEventsTests.swift */,
				4D50E13E2264CF8D00D1AC95 /* Info.plist */,
			);
			path = OrderOfEventsTests;
			sourceTree = "<group>";
		};
		4D50E1462264CF8D00D1AC95 /* OrderOfEventsUITests */ = {
			isa = PBXGroup;
			children = (
				4D50E1472264CF8D00D1AC95 /* OrderOfEventsUITests.swift */,
				4D50E1492264CF8D00D1AC95 /* Info.plist */,
			);
			path = OrderOfEventsUITests;
			sourceTree = "<group>";
		};
/* End PBXGroup section */

/* Begin PBXNativeTarget section */
		4D50E1232264CF8C00D1AC95 /* OrderOfEvents */ = {
			isa = PBXNativeTarget;
			buildConfigurationList = 4D50E14C2264CF8D00D1AC95 /* Build configuration list for PBXNativeTarget "OrderOfEvents" */;
			buildPhases = (
				4D50E1202264CF8C00D1AC95 /* Sources */,
				4D50E1212264CF8C00D1AC95 /* Frameworks */,
				4D50E1222264CF8C00D1AC95 /* Resources */,
			);
			buildRules = (
			);
			dependencies = (
			);
			name = OrderOfEvents;
			productName = OrderOfEvents;
			productReference = 4D50E1242264CF8C00D1AC95 /* OrderOfEvents.app */;
			productType = "com.apple.product-type.application";
		};
		4D50E1372264CF8D00D1AC95 /* OrderOfEventsTests */ = {
			isa = PBXNativeTarget;
			buildConfigurationList = 4D50E14F2264CF8D00D1AC95 /* Build configuration list for PBXNativeTarget "OrderOfEventsTests" */;
			buildPhases = (
				4D50E1342264CF8D00D1AC95 /* Sources */,
				4D50E1352264CF8D00D1AC95 /* Frameworks */,
				4D50E1362264CF8D00D1AC95 /* Resources */,
			);
			buildRules = (
			);
			dependencies = (
				4D50E13A2264CF8D00D1AC95 /* PBXTargetDependency */,
			);
			name = OrderOfEventsTests;
			productName = OrderOfEventsTests;
			productReference = 4D50E1382264CF8D00D1AC95 /* OrderOfEventsTests.xctest */;
			productType = "com.apple.product-type.bundle.unit-test";
		};
		4D50E1422264CF8D00D1AC95 /* OrderOfEventsUITests */ = {
			isa = PBXNativeTarget;
			buildConfigurationList = 4D50E1522264CF8D00D1AC95 /* Build configuration list for PBXNativeTarget "OrderOfEventsUITests" */;
			buildPhases = (
				4D50E13F2264CF8D00D1AC95 /* Sources */,
				4D50E1402264CF8D00D1AC95 /* Frameworks */,
				4D50E1412264CF8D00D1AC95 /* Resources */,
			);
			buildRules = (
			);
			dependencies = (
				4D50E1452264CF8D00D1AC95 /* PBXTargetDependency */,
			);
			name = OrderOfEventsUITests;
			productName = OrderOfEventsUITests;
			productReference = 4D50E1432264CF8D00D1AC95 /* OrderOfEventsUITests.xctest */;
			productType = "com.apple.product-type.bundle.ui-testing";
		};
/* End PBXNativeTarget section */

/* Begin PBXProject section */
		4D50E11C2264CF8C00D1AC95 /* Project object */ = {
			isa = PBXProject;
			attributes = {
				LastSwiftUpdateCheck = 1010;
				LastUpgradeCheck = 1010;
				ORGANIZATIONNAME = Mark;
				TargetAttributes = {
					4D50E1232264CF8C00D1AC95 = {
						CreatedOnToolsVersion = 10.1;
					};
					4D50E1372264CF8D00D1AC95 = {
						CreatedOnToolsVersion = 10.1;
						TestTargetID = 4D50E1232264CF8C00D1AC95;
					};
					4D50E1422264CF8D00D1AC95 = {
						CreatedOnToolsVersion = 10.1;
						TestTargetID = 4D50E1232264CF8C00D1AC95;
					};
				};
			};
			buildConfigurationList = 4D50E11F2264CF8C00D1AC95 /* Build configuration list for PBXProject "OrderOfEvents" */;
			compatibilityVersion = "Xcode 9.3";
			developmentRegion = en;
			hasScannedForEncodings = 0;
			knownRegions = (
				en,
				Base,
			);
			mainGroup = 4D50E11B2264CF8C00D1AC95;
			productRefGroup = 4D50E1252264CF8C00D1AC95 /* Products */;
			projectDirPath = "";
			projectRoot = "";
			targets = (
				4D50E1232264CF8C00D1AC95 /* OrderOfEvents */,
				4D50E1372264CF8D00D1AC95 /* OrderOfEventsTests */,
				4D50E1422264CF8D00D1AC95 /* OrderOfEventsUITests */,
			);
		};
/* End PBXProject section */

/* Begin PBXResourcesBuildPhase section */
		4D50E1222264CF8C00D1AC95 /* Resources */ = {
			isa = PBXResourcesBuildPhase;
			buildActionMask = 2147483647;
			files = (
				4D50E1322264CF8D00D1AC95 /* LaunchScreen.storyboard in Resources */,
				4D50E12F2264CF8D00D1AC95 /* Assets.xcassets in Resources */,
				4D50E12D2264CF8C00D1AC95 /* Main.storyboard in Resources */,
			);
			runOnlyForDeploymentPostprocessing = 0;
		};
		4D50E1362264CF8D00D1AC95 /* Resources */ = {
			isa = PBXResourcesBuildPhase;
			buildActionMask = 2147483647;
			files = (
			);
			runOnlyForDeploymentPostprocessing = 0;
		};
		4D50E1412264CF8D00D1AC95 /* Resources */ = {
			isa = PBXResourcesBuildPhase;
			buildActionMask = 2147483647;
			files = (
			);
			runOnlyForDeploymentPostprocessing = 0;
		};
/* End PBXResourcesBuildPhase section */

/* Begin PBXSourcesBuildPhase section */
		4D50E1202264CF8C00D1AC95 /* Sources */ = {
			isa = PBXSourcesBuildPhase;
			buildActionMask = 2147483647;
			files = (
				4D50E12A2264CF8C00D1AC95 /* ViewController.swift in Sources */,
				4D50E1282264CF8C00D1AC95 /* AppDelegate.swift in Sources */,
				4D50E1582264D03000D1AC95 /* LastViewController.swift in Sources */,
				4D50E1562264D01200D1AC95 /* MiddleViewController.swift in Sources */,
			);
			runOnlyForDeploymentPostprocessing = 0;
		};
		4D50E1342264CF8D00D1AC95 /* Sources */ = {
			isa = PBXSourcesBuildPhase;
			buildActionMask = 2147483647;
			files = (
				4D50E13D2264CF8D00D1AC95 /* OrderOfEventsTests.swift in Sources */,
			);
			runOnlyForDeploymentPostprocessing = 0;
		};
		4D50E13F2264CF8D00D1AC95 /* Sources */ = {
			isa = PBXSourcesBuildPhase;
			buildActionMask = 2147483647;
			files = (
				4D50E1482264CF8D00D1AC95 /* OrderOfEventsUITests.swift in Sources */,
			);
			runOnlyForDeploymentPostprocessing = 0;
		};
/* End PBXSourcesBuildPhase section */

/* Begin PBXTargetDependency section */
		4D50E13A2264CF8D00D1AC95 /* PBXTargetDependency */ = {
			isa = PBXTargetDependency;
			target = 4D50E1232264CF8C00D1AC95 /* OrderOfEvents */;
			targetProxy = 4D50E1392264CF8D00D1AC95 /* PBXContainerItemProxy */;
		};
		4D50E1452264CF8D00D1AC95 /* PBXTargetDependency */ = {
			isa = PBXTargetDependency;
			target = 4D50E1232264CF8C00D1AC95 /* OrderOfEvents */;
			targetProxy = 4D50E1442264CF8D00D1AC95 /* PBXContainerItemProxy */;
		};
/* End PBXTargetDependency section */

/* Begin PBXVariantGroup section */
		4D50E12B2264CF8C00D1AC95 /* Main.storyboard */ = {
			isa = PBXVariantGroup;
			children = (
				4D50E12C2264CF8C00D1AC95 /* Base */,
			);
			name = Main.storyboard;
			sourceTree = "<group>";
		};
		4D50E1302264CF8D00D1AC95 /* LaunchScreen.storyboard */ = {
			isa = PBXVariantGroup;
			children = (
				4D50E1312264CF8D00D1AC95 /* Base */,
			);
			name = LaunchScreen.storyboard;
			sourceTree = "<group>";
		};
/* End PBXVariantGroup section */

/* Begin XCBuildConfiguration section */
		4D50E14A2264CF8D00D1AC95 /* Debug */ = {
			isa = XCBuildConfiguration;
			buildSettings = {
				ALWAYS_SEARCH_USER_PATHS = NO;
				CLANG_ANALYZER_NONNULL = YES;
				CLANG_ANALYZER_NUMBER_OBJECT_CONVERSION = YES_AGGRESSIVE;
				CLANG_CXX_LANGUAGE_STANDARD = "gnu++14";
				CLANG_CXX_LIBRARY = "libc++";
				CLANG_ENABLE_MODULES = YES;
				CLANG_ENABLE_OBJC_ARC = YES;
				CLANG_ENABLE_OBJC_WEAK = YES;
				CLANG_WARN_BLOCK_CAPTURE_AUTORELEASING = YES;
				CLANG_WARN_BOOL_CONVERSION = YES;
				CLANG_WARN_COMMA = YES;
				CLANG_WARN_CONSTANT_CONVERSION = YES;
				CLANG_WARN_DEPRECATED_OBJC_IMPLEMENTATIONS = YES;
				CLANG_WARN_DIRECT_OBJC_ISA_USAGE = YES_ERROR;
				CLANG_WARN_DOCUMENTATION_COMMENTS = YES;
				CLANG_WARN_EMPTY_BODY = YES;
				CLANG_WARN_ENUM_CONVERSION = YES;
				CLANG_WARN_INFINITE_RECURSION = YES;
				CLANG_WARN_INT_CONVERSION = YES;
				CLANG_WARN_NON_LITERAL_NULL_CONVERSION = YES;
				CLANG_WARN_OBJC_IMPLICIT_RETAIN_SELF = YES;
				CLANG_WARN_OBJC_LITERAL_CONVERSION = YES;
				CLANG_WARN_OBJC_ROOT_CLASS = YES_ERROR;
				CLANG_WARN_RANGE_LOOP_ANALYSIS = YES;
				CLANG_WARN_STRICT_PROTOTYPES = YES;
				CLANG_WARN_SUSPICIOUS_MOVE = YES;
				CLANG_WARN_UNGUARDED_AVAILABILITY = YES_AGGRESSIVE;
				CLANG_WARN_UNREACHABLE_CODE = YES;
				CLANG_WARN__DUPLICATE_METHOD_MATCH = YES;
				CODE_SIGN_IDENTITY = "iPhone Developer";
				COPY_PHASE_STRIP = NO;
				DEBUG_INFORMATION_FORMAT = dwarf;
				ENABLE_STRICT_OBJC_MSGSEND = YES;
				ENABLE_TESTABILITY = YES;
				GCC_C_LANGUAGE_STANDARD = gnu11;
				GCC_DYNAMIC_NO_PIC = NO;
				GCC_NO_COMMON_BLOCKS = YES;
				GCC_OPTIMIZATION_LEVEL = 0;
				GCC_PREPROCESSOR_DEFINITIONS = (
					"DEBUG=1",
					"$(inherited)",
				);
				GCC_WARN_64_TO_32_BIT_CONVERSION = YES;
				GCC_WARN_ABOUT_RETURN_TYPE = YES_ERROR;
				GCC_WARN_UNDECLARED_SELECTOR = YES;
				GCC_WARN_UNINITIALIZED_AUTOS = YES_AGGRESSIVE;
				GCC_WARN_UNUSED_FUNCTION = YES;
				GCC_WARN_UNUSED_VARIABLE = YES;
				IPHONEOS_DEPLOYMENT_TARGET = 12.1;
				MTL_ENABLE_DEBUG_INFO = INCLUDE_SOURCE;
				MTL_FAST_MATH = YES;
				ONLY_ACTIVE_ARCH = YES;
				SDKROOT = iphoneos;
				SWIFT_ACTIVE_COMPILATION_CONDITIONS = DEBUG;
				SWIFT_OPTIMIZATION_LEVEL = "-Onone";
			};
			name = Debug;
		};
		4D50E14B2264CF8D00D1AC95 /* Release */ = {
			isa = XCBuildConfiguration;
			buildSettings = {
				ALWAYS_SEARCH_USER_PATHS = NO;
				CLANG_ANALYZER_NONNULL = YES;
				CLANG_ANALYZER_NUMBER_OBJECT_CONVERSION = YES_AGGRESSIVE;
				CLANG_CXX_LANGUAGE_STANDARD = "gnu++14";
				CLANG_CXX_LIBRARY = "libc++";
				CLANG_ENABLE_MODULES = YES;
				CLANG_ENABLE_OBJC_ARC = YES;
				CLANG_ENABLE_OBJC_WEAK = YES;
				CLANG_WARN_BLOCK_CAPTURE_AUTORELEASING = YES;
				CLANG_WARN_BOOL_CONVERSION = YES;
				CLANG_WARN_COMMA = YES;
				CLANG_WARN_CONSTANT_CONVERSION = YES;
				CLANG_WARN_DEPRECATED_OBJC_IMPLEMENTATIONS = YES;
				CLANG_WARN_DIRECT_OBJC_ISA_USAGE = YES_ERROR;
				CLANG_WARN_DOCUMENTATION_COMMENTS = YES;
				CLANG_WARN_EMPTY_BODY = YES;
				CLANG_WARN_ENUM_CONVERSION = YES;
				CLANG_WARN_INFINITE_RECURSION = YES;
				CLANG_WARN_INT_CONVERSION = YES;
				CLANG_WARN_NON_LITERAL_NULL_CONVERSION = YES;
				CLANG_WARN_OBJC_IMPLICIT_RETAIN_SELF = YES;
				CLANG_WARN_OBJC_LITERAL_CONVERSION = YES;
				CLANG_WARN_OBJC_ROOT_CLASS = YES_ERROR;
				CLANG_WARN_RANGE_LOOP_ANALYSIS = YES;
				CLANG_WARN_STRICT_PROTOTYPES = YES;
				CLANG_WARN_SUSPICIOUS_MOVE = YES;
				CLANG_WARN_UNGUARDED_AVAILABILITY = YES_AGGRESSIVE;
				CLANG_WARN_UNREACHABLE_CODE = YES;
				CLANG_WARN__DUPLICATE_METHOD_MATCH = YES;
				CODE_SIGN_IDENTITY = "iPhone Developer";
				COPY_PHASE_STRIP = NO;
				DEBUG_INFORMATION_FORMAT = "dwarf-with-dsym";
				ENABLE_NS_ASSERTIONS = NO;
				ENABLE_STRICT_OBJC_MSGSEND = YES;
				GCC_C_LANGUAGE_STANDARD = gnu11;
				GCC_NO_COMMON_BLOCKS = YES;
				GCC_WARN_64_TO_32_BIT_CONVERSION = YES;
				GCC_WARN_ABOUT_RETURN_TYPE = YES_ERROR;
				GCC_WARN_UNDECLARED_SELECTOR = YES;
				GCC_WARN_UNINITIALIZED_AUTOS = YES_AGGRESSIVE;
				GCC_WARN_UNUSED_FUNCTION = YES;
				GCC_WARN_UNUSED_VARIABLE = YES;
				IPHONEOS_DEPLOYMENT_TARGET = 12.1;
				MTL_ENABLE_DEBUG_INFO = NO;
				MTL_FAST_MATH = YES;
				SDKROOT = iphoneos;
				SWIFT_COMPILATION_MODE = wholemodule;
				SWIFT_OPTIMIZATION_LEVEL = "-O";
				VALIDATE_PRODUCT = YES;
			};
			name = Release;
		};
		4D50E14D2264CF8D00D1AC95 /* Debug */ = {
			isa = XCBuildConfiguration;
			buildSettings = {
				ASSETCATALOG_COMPILER_APPICON_NAME = AppIcon;
				CODE_SIGN_STYLE = Automatic;
				INFOPLIST_FILE = OrderOfEvents/Info.plist;
				LD_RUNPATH_SEARCH_PATHS = (
					"$(inherited)",
					"@executable_path/Frameworks",
				);
				PRODUCT_BUNDLE_IDENTIFIER = org.ssfs.OrderOfEvents;
				PRODUCT_NAME = "$(TARGET_NAME)";
				SWIFT_VERSION = 4.2;
				TARGETED_DEVICE_FAMILY = "1,2";
			};
			name = Debug;
		};
		4D50E14E2264CF8D00D1AC95 /* Release */ = {
			isa = XCBuildConfiguration;
			buildSettings = {
				ASSETCATALOG_COMPILER_APPICON_NAME = AppIcon;
				CODE_SIGN_STYLE = Automatic;
				INFOPLIST_FILE = OrderOfEvents/Info.plist;
				LD_RUNPATH_SEARCH_PATHS = (
					"$(inherited)",
					"@executable_path/Frameworks",
				);
				PRODUCT_BUNDLE_IDENTIFIER = org.ssfs.OrderOfEvents;
				PRODUCT_NAME = "$(TARGET_NAME)";
				SWIFT_VERSION = 4.2;
				TARGETED_DEVICE_FAMILY = "1,2";
			};
			name = Release;
		};
		4D50E1502264CF8D00D1AC95 /* Debug */ = {
			isa = XCBuildConfiguration;
			buildSettings = {
				ALWAYS_EMBED_SWIFT_STANDARD_LIBRARIES = YES;
				BUNDLE_LOADER = "$(TEST_HOST)";
				CODE_SIGN_STYLE = Automatic;
				INFOPLIST_FILE = OrderOfEventsTests/Info.plist;
				LD_RUNPATH_SEARCH_PATHS = (
					"$(inherited)",
					"@executable_path/Frameworks",
					"@loader_path/Frameworks",
				);
				PRODUCT_BUNDLE_IDENTIFIER = org.ssfs.OrderOfEventsTests;
				PRODUCT_NAME = "$(TARGET_NAME)";
				SWIFT_VERSION = 4.2;
				TARGETED_DEVICE_FAMILY = "1,2";
				TEST_HOST = "$(BUILT_PRODUCTS_DIR)/OrderOfEvents.app/OrderOfEvents";
			};
			name = Debug;
		};
		4D50E1512264CF8D00D1AC95 /* Release */ = {
			isa = XCBuildConfiguration;
			buildSettings = {
				ALWAYS_EMBED_SWIFT_STANDARD_LIBRARIES = YES;
				BUNDLE_LOADER = "$(TEST_HOST)";
				CODE_SIGN_STYLE = Automatic;
				INFOPLIST_FILE = OrderOfEventsTests/Info.plist;
				LD_RUNPATH_SEARCH_PATHS = (
					"$(inherited)",
					"@executable_path/Frameworks",
					"@loader_path/Frameworks",
				);
				PRODUCT_BUNDLE_IDENTIFIER = org.ssfs.OrderOfEventsTests;
				PRODUCT_NAME = "$(TARGET_NAME)";
				SWIFT_VERSION = 4.2;
				TARGETED_DEVICE_FAMILY = "1,2";
				TEST_HOST = "$(BUILT_PRODUCTS_DIR)/OrderOfEvents.app/OrderOfEvents";
			};
			name = Release;
		};
		4D50E1532264CF8D00D1AC95 /* Debug */ = {
			isa = XCBuildConfiguration;
			buildSettings = {
				ALWAYS_EMBED_SWIFT_STANDARD_LIBRARIES = YES;
				CODE_SIGN_STYLE = Automatic;
				INFOPLIST_FILE = OrderOfEventsUITests/Info.plist;
				LD_RUNPATH_SEARCH_PATHS = (
					"$(inherited)",
					"@executable_path/Frameworks",
					"@loader_path/Frameworks",
				);
				PRODUCT_BUNDLE_IDENTIFIER = org.ssfs.OrderOfEventsUITests;
				PRODUCT_NAME = "$(TARGET_NAME)";
				SWIFT_VERSION = 4.2;
				TARGETED_DEVICE_FAMILY = "1,2";
				TEST_TARGET_NAME = OrderOfEvents;
			};
			name = Debug;
		};
		4D50E1542264CF8D00D1AC95 /* Release */ = {
			isa = XCBuildConfiguration;
			buildSettings = {
				ALWAYS_EMBED_SWIFT_STANDARD_LIBRARIES = YES;
				CODE_SIGN_STYLE = Automatic;
				INFOPLIST_FILE = OrderOfEventsUITests/Info.plist;
				LD_RUNPATH_SEARCH_PATHS = (
					"$(inherited)",
					"@executable_path/Frameworks",
					"@loader_path/Frameworks",
				);
				PRODUCT_BUNDLE_IDENTIFIER = org.ssfs.OrderOfEventsUITests;
				PRODUCT_NAME = "$(TARGET_NAME)";
				SWIFT_VERSION = 4.2;
				TARGETED_DEVICE_FAMILY = "1,2";
				TEST_TARGET_NAME = OrderOfEvents;
			};
			name = Release;
		};
/* End XCBuildConfiguration section */

/* Begin XCConfigurationList section */
		4D50E11F2264CF8C00D1AC95 /* Build configuration list for PBXProject "OrderOfEvents" */ = {
			isa = XCConfigurationList;
			buildConfigurations = (
				4D50E14A2264CF8D00D1AC95 /* Debug */,
				4D50E14B2264CF8D00D1AC95 /* Release */,
			);
			defaultConfigurationIsVisible = 0;
			defaultConfigurationName = Release;
		};
		4D50E14C2264CF8D00D1AC95 /* Build configuration list for PBXNativeTarget "OrderOfEvents" */ = {
			isa = XCConfigurationList;
			buildConfigurations = (
				4D50E14D2264CF8D00D1AC95 /* Debug */,
				4D50E14E2264CF8D00D1AC95 /* Release */,
			);
			defaultConfigurationIsVisible = 0;
			defaultConfigurationName = Release;
		};
		4D50E14F2264CF8D00D1AC95 /* Build configuration list for PBXNativeTarget "OrderOfEventsTests" */ = {
			isa = XCConfigurationList;
			buildConfigurations = (
				4D50E1502264CF8D00D1AC95 /* Debug */,
				4D50E1512264CF8D00D1AC95 /* Release */,
			);
			defaultConfigurationIsVisible = 0;
			defaultConfigurationName = Release;
		};
		4D50E1522264CF8D00D1AC95 /* Build configuration list for PBXNativeTarget "OrderOfEventsUITests" */ = {
			isa = XCConfigurationList;
			buildConfigurations = (
				4D50E1532264CF8D00D1AC95 /* Debug */,
				4D50E1542264CF8D00D1AC95 /* Release */,
			);
			defaultConfigurationIsVisible = 0;
			defaultConfigurationName = Release;
		};
/* End XCConfigurationList section */
	};
	rootObject = 4D50E11C2264CF8C00D1AC95 /* Project object */;
}
