// !$*UTF8*$!
{
	archiveVersion = 1;
	classes = {
	};
	objectVersion = 50;
	objects = {

/* Begin PBXBuildFile section */
		4DB5AA6E22737C4500D41892 /* AppDelegate.swift in Sources */ = {isa = PBXBuildFile; fileRef = 4DB5AA6D22737C4500D41892 /* AppDelegate.swift */; };
		4DB5AA7522737C4700D41892 /* Assets.xcassets in Resources */ = {isa = PBXBuildFile; fileRef = 4DB5AA7422737C4700D41892 /* Assets.xcassets */; };
		4DB5AA7822737C4700D41892 /* LaunchScreen.storyboard in Resources */ = {isa = PBXBuildFile; fileRef = 4DB5AA7622737C4700D41892 /* LaunchScreen.storyboard */; };
		4DB5AA8322737C4700D41892 /* Emoji_DictionaryTests.swift in Sources */ = {isa = PBXBuildFile; fileRef = 4DB5AA8222737C4700D41892 /* Emoji_DictionaryTests.swift */; };
		4DB5AA8E22737C4700D41892 /* Emoji_DictionaryUITests.swift in Sources */ = {isa = PBXBuildFile; fileRef = 4DB5AA8D22737C4700D41892 /* Emoji_DictionaryUITests.swift */; };
		4DB5AA9C22737C7F00D41892 /* Emoji.swift in Sources */ = {isa = PBXBuildFile; fileRef = 4DB5AA9B22737C7F00D41892 /* Emoji.swift */; };
		4DB5AA9E22737C8700D41892 /* EmojiTableViewController.swift in Sources */ = {isa = PBXBuildFile; fileRef = 4DB5AA9D22737C8700D41892 /* EmojiTableViewController.swift */; };
		4DB5AAA122737CA500D41892 /* Main.storyboard in Resources */ = {isa = PBXBuildFile; fileRef = 4DB5AA9F22737CA500D41892 /* Main.storyboard */; };
/* End PBXBuildFile section */

/* Begin PBXContainerItemProxy section */
		4DB5AA7F22737C4700D41892 /* PBXContainerItemProxy */ = {
			isa = PBXContainerItemProxy;
			containerPortal = 4DB5AA6222737C4500D41892 /* Project object */;
			proxyType = 1;
			remoteGlobalIDString = 4DB5AA6922737C4500D41892;
			remoteInfo = Emoji_Dictionary;
		};
		4DB5AA8A22737C4700D41892 /* PBXContainerItemProxy */ = {
			isa = PBXContainerItemProxy;
			containerPortal = 4DB5AA6222737C4500D41892 /* Project object */;
			proxyType = 1;
			remoteGlobalIDString = 4DB5AA6922737C4500D41892;
			remoteInfo = Emoji_Dictionary;
		};
/* End PBXContainerItemProxy section */

/* Begin PBXFileReference section */
		4DB5AA6A22737C4500D41892 /* Emoji_Dictionary.app */ = {isa = PBXFileReference; explicitFileType = wrapper.application; includeInIndex = 0; path = Emoji_Dictionary.app; sourceTree = BUILT_PRODUCTS_DIR; };
		4DB5AA6D22737C4500D41892 /* AppDelegate.swift */ = {isa = PBXFileReference; lastKnownFileType = sourcecode.swift; path = AppDelegate.swift; sourceTree = "<group>"; };
		4DB5AA7422737C4700D41892 /* Assets.xcassets */ = {isa = PBXFileReference; lastKnownFileType = folder.assetcatalog; path = Assets.xcassets; sourceTree = "<group>"; };
		4DB5AA7722737C4700D41892 /* Base */ = {isa = PBXFileReference; lastKnownFileType = file.storyboard; name = Base; path = Base.lproj/LaunchScreen.storyboard; sourceTree = "<group>"; };
		4DB5AA7922737C4700D41892 /* Info.plist */ = {isa = PBXFileReference; lastKnownFileType = text.plist.xml; path = Info.plist; sourceTree = "<group>"; };
		4DB5AA7E22737C4700D41892 /* Emoji_DictionaryTests.xctest */ = {isa = PBXFileReference; explicitFileType = wrapper.cfbundle; includeInIndex = 0; path = Emoji_DictionaryTests.xctest; sourceTree = BUILT_PRODUCTS_DIR; };
		4DB5AA8222737C4700D41892 /* Emoji_DictionaryTests.swift */ = {isa = PBXFileReference; lastKnownFileType = sourcecode.swift; path = Emoji_DictionaryTests.swift; sourceTree = "<group>"; };
		4DB5AA8422737C4700D41892 /* Info.plist */ = {isa = PBXFileReference; lastKnownFileType = text.plist.xml; path = Info.plist; sourceTree = "<group>"; };
		4DB5AA8922737C4700D41892 /* Emoji_DictionaryUITests.xctest */ = {isa = PBXFileReference; explicitFileType = wrapper.cfbundle; includeInIndex = 0; path = Emoji_DictionaryUITests.xctest; sourceTree = BUILT_PRODUCTS_DIR; };
		4DB5AA8D22737C4700D41892 /* Emoji_DictionaryUITests.swift */ = {isa = PBXFileReference; lastKnownFileType = sourcecode.swift; path = Emoji_DictionaryUITests.swift; sourceTree = "<group>"; };
		4DB5AA8F22737C4700D41892 /* Info.plist */ = {isa = PBXFileReference; lastKnownFileType = text.plist.xml; path = Info.plist; sourceTree = "<group>"; };
		4DB5AA9B22737C7F00D41892 /* Emoji.swift */ = {isa = PBXFileReference; fileEncoding = 4; lastKnownFileType = sourcecode.swift; name = Emoji.swift; path = "../../../../Downloads/EmojiDictionary-2/EmojiDictionary/Emoji.swift"; sourceTree = "<group>"; };
		4DB5AA9D22737C8700D41892 /* EmojiTableViewController.swift */ = {isa = PBXFileReference; fileEncoding = 4; lastKnownFileType = sourcecode.swift; name = EmojiTableViewController.swift; path = "../../../../Downloads/EmojiDictionary-2/EmojiDictionary/EmojiTableViewController.swift"; sourceTree = "<group>"; };
		4DB5AAA022737CA500D41892 /* Base */ = {isa = PBXFileReference; lastKnownFileType = file.storyboard; name = Base; path = "../../../../Downloads/EmojiDictionary-2/EmojiDictionary/Base.lproj/Main.storyboard"; sourceTree = "<group>"; };
/* End PBXFileReference section */

/* Begin PBXFrameworksBuildPhase section */
		4DB5AA6722737C4500D41892 /* Frameworks */ = {
			isa = PBXFrameworksBuildPhase;
			buildActionMask = 2147483647;
			files = (
			);
			runOnlyForDeploymentPostprocessing = 0;
		};
		4DB5AA7B22737C4700D41892 /* Frameworks */ = {
			isa = PBXFrameworksBuildPhase;
			buildActionMask = 2147483647;
			files = (
			);
			runOnlyForDeploymentPostprocessing = 0;
		};
		4DB5AA8622737C4700D41892 /* Frameworks */ = {
			isa = PBXFrameworksBuildPhase;
			buildActionMask = 2147483647;
			files = (
			);
			runOnlyForDeploymentPostprocessing = 0;
		};
/* End PBXFrameworksBuildPhase section */

/* Begin PBXGroup section */
		4DB5AA6122737C4500D41892 = {
			isa = PBXGroup;
			children = (
				4DB5AA6C22737C4500D41892 /* Emoji_Dictionary */,
				4DB5AA8122737C4700D41892 /* Emoji_DictionaryTests */,
				4DB5AA8C22737C4700D41892 /* Emoji_DictionaryUITests */,
				4DB5AA6B22737C4500D41892 /* Products */,
			);
			sourceTree = "<group>";
		};
		4DB5AA6B22737C4500D41892 /* Products */ = {
			isa = PBXGroup;
			children = (
				4DB5AA6A22737C4500D41892 /* Emoji_Dictionary.app */,
				4DB5AA7E22737C4700D41892 /* Emoji_DictionaryTests.xctest */,
				4DB5AA8922737C4700D41892 /* Emoji_DictionaryUITests.xctest */,
			);
			name = Products;
			sourceTree = "<group>";
		};
		4DB5AA6C22737C4500D41892 /* Emoji_Dictionary */ = {
			isa = PBXGroup;
			children = (
				4DB5AA6D22737C4500D41892 /* AppDelegate.swift */,
				4DB5AA9F22737CA500D41892 /* Main.storyboard */,
				4DB5AA9D22737C8700D41892 /* EmojiTableViewController.swift */,
				4DB5AA9B22737C7F00D41892 /* Emoji.swift */,
				4DB5AA7422737C4700D41892 /* Assets.xcassets */,
				4DB5AA7622737C4700D41892 /* LaunchScreen.storyboard */,
				4DB5AA7922737C4700D41892 /* Info.plist */,
			);
			path = Emoji_Dictionary;
			sourceTree = "<group>";
		};
		4DB5AA8122737C4700D41892 /* Emoji_DictionaryTests */ = {
			isa = PBXGroup;
			children = (
				4DB5AA8222737C4700D41892 /* Emoji_DictionaryTests.swift */,
				4DB5AA8422737C4700D41892 /* Info.plist */,
			);
			path = Emoji_DictionaryTests;
			sourceTree = "<group>";
		};
		4DB5AA8C22737C4700D41892 /* Emoji_DictionaryUITests */ = {
			isa = PBXGroup;
			children = (
				4DB5AA8D22737C4700D41892 /* Emoji_DictionaryUITests.swift */,
				4DB5AA8F22737C4700D41892 /* Info.plist */,
			);
			path = Emoji_DictionaryUITests;
			sourceTree = "<group>";
		};
/* End PBXGroup section */

/* Begin PBXNativeTarget section */
		4DB5AA6922737C4500D41892 /* Emoji_Dictionary */ = {
			isa = PBXNativeTarget;
			buildConfigurationList = 4DB5AA9222737C4700D41892 /* Build configuration list for PBXNativeTarget "Emoji_Dictionary" */;
			buildPhases = (
				4DB5AA6622737C4500D41892 /* Sources */,
				4DB5AA6722737C4500D41892 /* Frameworks */,
				4DB5AA6822737C4500D41892 /* Resources */,
			);
			buildRules = (
			);
			dependencies = (
			);
			name = Emoji_Dictionary;
			productName = Emoji_Dictionary;
			productReference = 4DB5AA6A22737C4500D41892 /* Emoji_Dictionary.app */;
			productType = "com.apple.product-type.application";
		};
		4DB5AA7D22737C4700D41892 /* Emoji_DictionaryTests */ = {
			isa = PBXNativeTarget;
			buildConfigurationList = 4DB5AA9522737C4700D41892 /* Build configuration list for PBXNativeTarget "Emoji_DictionaryTests" */;
			buildPhases = (
				4DB5AA7A22737C4700D41892 /* Sources */,
				4DB5AA7B22737C4700D41892 /* Frameworks */,
				4DB5AA7C22737C4700D41892 /* Resources */,
			);
			buildRules = (
			);
			dependencies = (
				4DB5AA8022737C4700D41892 /* PBXTargetDependency */,
			);
			name = Emoji_DictionaryTests;
			productName = Emoji_DictionaryTests;
			productReference = 4DB5AA7E22737C4700D41892 /* Emoji_DictionaryTests.xctest */;
			productType = "com.apple.product-type.bundle.unit-test";
		};
		4DB5AA8822737C4700D41892 /* Emoji_DictionaryUITests */ = {
			isa = PBXNativeTarget;
			buildConfigurationList = 4DB5AA9822737C4700D41892 /* Build configuration list for PBXNativeTarget "Emoji_DictionaryUITests" */;
			buildPhases = (
				4DB5AA8522737C4700D41892 /* Sources */,
				4DB5AA8622737C4700D41892 /* Frameworks */,
				4DB5AA8722737C4700D41892 /* Resources */,
			);
			buildRules = (
			);
			dependencies = (
				4DB5AA8B22737C4700D41892 /* PBXTargetDependency */,
			);
			name = Emoji_DictionaryUITests;
			productName = Emoji_DictionaryUITests;
			productReference = 4DB5AA8922737C4700D41892 /* Emoji_DictionaryUITests.xctest */;
			productType = "com.apple.product-type.bundle.ui-testing";
		};
/* End PBXNativeTarget section */

/* Begin PBXProject section */
		4DB5AA6222737C4500D41892 /* Project object */ = {
			isa = PBXProject;
			attributes = {
				LastSwiftUpdateCheck = 1010;
				LastUpgradeCheck = 1010;
				ORGANIZATIONNAME = Mark;
				TargetAttributes = {
					4DB5AA6922737C4500D41892 = {
						CreatedOnToolsVersion = 10.1;
					};
					4DB5AA7D22737C4700D41892 = {
						CreatedOnToolsVersion = 10.1;
						TestTargetID = 4DB5AA6922737C4500D41892;
					};
					4DB5AA8822737C4700D41892 = {
						CreatedOnToolsVersion = 10.1;
						TestTargetID = 4DB5AA6922737C4500D41892;
					};
				};
			};
			buildConfigurationList = 4DB5AA6522737C4500D41892 /* Build configuration list for PBXProject "Emoji_Dictionary" */;
			compatibilityVersion = "Xcode 9.3";
			developmentRegion = en;
			hasScannedForEncodings = 0;
			knownRegions = (
				en,
				Base,
			);
			mainGroup = 4DB5AA6122737C4500D41892;
			productRefGroup = 4DB5AA6B22737C4500D41892 /* Products */;
			projectDirPath = "";
			projectRoot = "";
			targets = (
				4DB5AA6922737C4500D41892 /* Emoji_Dictionary */,
				4DB5AA7D22737C4700D41892 /* Emoji_DictionaryTests */,
				4DB5AA8822737C4700D41892 /* Emoji_DictionaryUITests */,
			);
		};
/* End PBXProject section */

/* Begin PBXResourcesBuildPhase section */
		4DB5AA6822737C4500D41892 /* Resources */ = {
			isa = PBXResourcesBuildPhase;
			buildActionMask = 2147483647;
			files = (
				4DB5AAA122737CA500D41892 /* Main.storyboard in Resources */,
				4DB5AA7822737C4700D41892 /* LaunchScreen.storyboard in Resources */,
				4DB5AA7522737C4700D41892 /* Assets.xcassets in Resources */,
			);
			runOnlyForDeploymentPostprocessing = 0;
		};
		4DB5AA7C22737C4700D41892 /* Resources */ = {
			isa = PBXResourcesBuildPhase;
			buildActionMask = 2147483647;
			files = (
			);
			runOnlyForDeploymentPostprocessing = 0;
		};
		4DB5AA8722737C4700D41892 /* Resources */ = {
			isa = PBXResourcesBuildPhase;
			buildActionMask = 2147483647;
			files = (
			);
			runOnlyForDeploymentPostprocessing = 0;
		};
/* End PBXResourcesBuildPhase section */

/* Begin PBXSourcesBuildPhase section */
		4DB5AA6622737C4500D41892 /* Sources */ = {
			isa = PBXSourcesBuildPhase;
			buildActionMask = 2147483647;
			files = (
				4DB5AA9E22737C8700D41892 /* EmojiTableViewController.swift in Sources */,
				4DB5AA9C22737C7F00D41892 /* Emoji.swift in Sources */,
				4DB5AA6E22737C4500D41892 /* AppDelegate.swift in Sources */,
			);
			runOnlyForDeploymentPostprocessing = 0;
		};
		4DB5AA7A22737C4700D41892 /* Sources */ = {
			isa = PBXSourcesBuildPhase;
			buildActionMask = 2147483647;
			files = (
				4DB5AA8322737C4700D41892 /* Emoji_DictionaryTests.swift in Sources */,
			);
			runOnlyForDeploymentPostprocessing = 0;
		};
		4DB5AA8522737C4700D41892 /* Sources */ = {
			isa = PBXSourcesBuildPhase;
			buildActionMask = 2147483647;
			files = (
				4DB5AA8E22737C4700D41892 /* Emoji_DictionaryUITests.swift in Sources */,
			);
			runOnlyForDeploymentPostprocessing = 0;
		};
/* End PBXSourcesBuildPhase section */

/* Begin PBXTargetDependency section */
		4DB5AA8022737C4700D41892 /* PBXTargetDependency */ = {
			isa = PBXTargetDependency;
			target = 4DB5AA6922737C4500D41892 /* Emoji_Dictionary */;
			targetProxy = 4DB5AA7F22737C4700D41892 /* PBXContainerItemProxy */;
		};
		4DB5AA8B22737C4700D41892 /* PBXTargetDependency */ = {
			isa = PBXTargetDependency;
			target = 4DB5AA6922737C4500D41892 /* Emoji_Dictionary */;
			targetProxy = 4DB5AA8A22737C4700D41892 /* PBXContainerItemProxy */;
		};
/* End PBXTargetDependency section */

/* Begin PBXVariantGroup section */
		4DB5AA7622737C4700D41892 /* LaunchScreen.storyboard */ = {
			isa = PBXVariantGroup;
			children = (
				4DB5AA7722737C4700D41892 /* Base */,
			);
			name = LaunchScreen.storyboard;
			sourceTree = "<group>";
		};
		4DB5AA9F22737CA500D41892 /* Main.storyboard */ = {
			isa = PBXVariantGroup;
			children = (
				4DB5AAA022737CA500D41892 /* Base */,
			);
			name = Main.storyboard;
			sourceTree = "<group>";
		};
/* End PBXVariantGroup section */

/* Begin XCBuildConfiguration section */
		4DB5AA9022737C4700D41892 /* Debug */ = {
			isa = XCBuildConfiguration;
			buildSettings = {
				ALWAYS_SEARCH_USER_PATHS = NO;
				CLANG_ANALYZER_NONNULL = YES;
				CLANG_ANALYZER_NUMBER_OBJECT_CONVERSION = YES_AGGRESSIVE;
				CLANG_CXX_LANGUAGE_STANDARD = "gnu++14";
				CLANG_CXX_LIBRARY = "libc++";
				CLANG_ENABLE_MODULES = YES;
				CLANG_ENABLE_OBJC_ARC = YES;
				CLANG_ENABLE_OBJC_WEAK = YES;
				CLANG_WARN_BLOCK_CAPTURE_AUTORELEASING = YES;
				CLANG_WARN_BOOL_CONVERSION = YES;
				CLANG_WARN_COMMA = YES;
				CLANG_WARN_CONSTANT_CONVERSION = YES;
				CLANG_WARN_DEPRECATED_OBJC_IMPLEMENTATIONS = YES;
				CLANG_WARN_DIRECT_OBJC_ISA_USAGE = YES_ERROR;
				CLANG_WARN_DOCUMENTATION_COMMENTS = YES;
				CLANG_WARN_EMPTY_BODY = YES;
				CLANG_WARN_ENUM_CONVERSION = YES;
				CLANG_WARN_INFINITE_RECURSION = YES;
				CLANG_WARN_INT_CONVERSION = YES;
				CLANG_WARN_NON_LITERAL_NULL_CONVERSION = YES;
				CLANG_WARN_OBJC_IMPLICIT_RETAIN_SELF = YES;
				CLANG_WARN_OBJC_LITERAL_CONVERSION = YES;
				CLANG_WARN_OBJC_ROOT_CLASS = YES_ERROR;
				CLANG_WARN_RANGE_LOOP_ANALYSIS = YES;
				CLANG_WARN_STRICT_PROTOTYPES = YES;
				CLANG_WARN_SUSPICIOUS_MOVE = YES;
				CLANG_WARN_UNGUARDED_AVAILABILITY = YES_AGGRESSIVE;
				CLANG_WARN_UNREACHABLE_CODE = YES;
				CLANG_WARN__DUPLICATE_METHOD_MATCH = YES;
				CODE_SIGN_IDENTITY = "iPhone Developer";
				COPY_PHASE_STRIP = NO;
				DEBUG_INFORMATION_FORMAT = dwarf;
				ENABLE_STRICT_OBJC_MSGSEND = YES;
				ENABLE_TESTABILITY = YES;
				GCC_C_LANGUAGE_STANDARD = gnu11;
				GCC_DYNAMIC_NO_PIC = NO;
				GCC_NO_COMMON_BLOCKS = YES;
				GCC_OPTIMIZATION_LEVEL = 0;
				GCC_PREPROCESSOR_DEFINITIONS = (
					"DEBUG=1",
					"$(inherited)",
				);
				GCC_WARN_64_TO_32_BIT_CONVERSION = YES;
				GCC_WARN_ABOUT_RETURN_TYPE = YES_ERROR;
				GCC_WARN_UNDECLARED_SELECTOR = YES;
				GCC_WARN_UNINITIALIZED_AUTOS = YES_AGGRESSIVE;
				GCC_WARN_UNUSED_FUNCTION = YES;
				GCC_WARN_UNUSED_VARIABLE = YES;
				IPHONEOS_DEPLOYMENT_TARGET = 12.1;
				MTL_ENABLE_DEBUG_INFO = INCLUDE_SOURCE;
				MTL_FAST_MATH = YES;
				ONLY_ACTIVE_ARCH = YES;
				SDKROOT = iphoneos;
				SWIFT_ACTIVE_COMPILATION_CONDITIONS = DEBUG;
				SWIFT_OPTIMIZATION_LEVEL = "-Onone";
			};
			name = Debug;
		};
		4DB5AA9122737C4700D41892 /* Release */ = {
			isa = XCBuildConfiguration;
			buildSettings = {
				ALWAYS_SEARCH_USER_PATHS = NO;
				CLANG_ANALYZER_NONNULL = YES;
				CLANG_ANALYZER_NUMBER_OBJECT_CONVERSION = YES_AGGRESSIVE;
				CLANG_CXX_LANGUAGE_STANDARD = "gnu++14";
				CLANG_CXX_LIBRARY = "libc++";
				CLANG_ENABLE_MODULES = YES;
				CLANG_ENABLE_OBJC_ARC = YES;
				CLANG_ENABLE_OBJC_WEAK = YES;
				CLANG_WARN_BLOCK_CAPTURE_AUTORELEASING = YES;
				CLANG_WARN_BOOL_CONVERSION = YES;
				CLANG_WARN_COMMA = YES;
				CLANG_WARN_CONSTANT_CONVERSION = YES;
				CLANG_WARN_DEPRECATED_OBJC_IMPLEMENTATIONS = YES;
				CLANG_WARN_DIRECT_OBJC_ISA_USAGE = YES_ERROR;
				CLANG_WARN_DOCUMENTATION_COMMENTS = YES;
				CLANG_WARN_EMPTY_BODY = YES;
				CLANG_WARN_ENUM_CONVERSION = YES;
				CLANG_WARN_INFINITE_RECURSION = YES;
				CLANG_WARN_INT_CONVERSION = YES;
				CLANG_WARN_NON_LITERAL_NULL_CONVERSION = YES;
				CLANG_WARN_OBJC_IMPLICIT_RETAIN_SELF = YES;
				CLANG_WARN_OBJC_LITERAL_CONVERSION = YES;
				CLANG_WARN_OBJC_ROOT_CLASS = YES_ERROR;
				CLANG_WARN_RANGE_LOOP_ANALYSIS = YES;
				CLANG_WARN_STRICT_PROTOTYPES = YES;
				CLANG_WARN_SUSPICIOUS_MOVE = YES;
				CLANG_WARN_UNGUARDED_AVAILABILITY = YES_AGGRESSIVE;
				CLANG_WARN_UNREACHABLE_CODE = YES;
				CLANG_WARN__DUPLICATE_METHOD_MATCH = YES;
				CODE_SIGN_IDENTITY = "iPhone Developer";
				COPY_PHASE_STRIP = NO;
				DEBUG_INFORMATION_FORMAT = "dwarf-with-dsym";
				ENABLE_NS_ASSERTIONS = NO;
				ENABLE_STRICT_OBJC_MSGSEND = YES;
				GCC_C_LANGUAGE_STANDARD = gnu11;
				GCC_NO_COMMON_BLOCKS = YES;
				GCC_WARN_64_TO_32_BIT_CONVERSION = YES;
				GCC_WARN_ABOUT_RETURN_TYPE = YES_ERROR;
				GCC_WARN_UNDECLARED_SELECTOR = YES;
				GCC_WARN_UNINITIALIZED_AUTOS = YES_AGGRESSIVE;
				GCC_WARN_UNUSED_FUNCTION = YES;
				GCC_WARN_UNUSED_VARIABLE = YES;
				IPHONEOS_DEPLOYMENT_TARGET = 12.1;
				MTL_ENABLE_DEBUG_INFO = NO;
				MTL_FAST_MATH = YES;
				SDKROOT = iphoneos;
				SWIFT_COMPILATION_MODE = wholemodule;
				SWIFT_OPTIMIZATION_LEVEL = "-O";
				VALIDATE_PRODUCT = YES;
			};
			name = Release;
		};
		4DB5AA9322737C4700D41892 /* Debug */ = {
			isa = XCBuildConfiguration;
			buildSettings = {
				ASSETCATALOG_COMPILER_APPICON_NAME = AppIcon;
				CODE_SIGN_STYLE = Automatic;
				INFOPLIST_FILE = Emoji_Dictionary/Info.plist;
				LD_RUNPATH_SEARCH_PATHS = (
					"$(inherited)",
					"@executable_path/Frameworks",
				);
				PRODUCT_BUNDLE_IDENTIFIER = "org.ssfs.Emoji-Dictionary";
				PRODUCT_NAME = "$(TARGET_NAME)";
				SWIFT_VERSION = 4.2;
				TARGETED_DEVICE_FAMILY = "1,2";
			};
			name = Debug;
		};
		4DB5AA9422737C4700D41892 /* Release */ = {
			isa = XCBuildConfiguration;
			buildSettings = {
				ASSETCATALOG_COMPILER_APPICON_NAME = AppIcon;
				CODE_SIGN_STYLE = Automatic;
				INFOPLIST_FILE = Emoji_Dictionary/Info.plist;
				LD_RUNPATH_SEARCH_PATHS = (
					"$(inherited)",
					"@executable_path/Frameworks",
				);
				PRODUCT_BUNDLE_IDENTIFIER = "org.ssfs.Emoji-Dictionary";
				PRODUCT_NAME = "$(TARGET_NAME)";
				SWIFT_VERSION = 4.2;
				TARGETED_DEVICE_FAMILY = "1,2";
			};
			name = Release;
		};
		4DB5AA9622737C4700D41892 /* Debug */ = {
			isa = XCBuildConfiguration;
			buildSettings = {
				ALWAYS_EMBED_SWIFT_STANDARD_LIBRARIES = YES;
				BUNDLE_LOADER = "$(TEST_HOST)";
				CODE_SIGN_STYLE = Automatic;
				INFOPLIST_FILE = Emoji_DictionaryTests/Info.plist;
				LD_RUNPATH_SEARCH_PATHS = (
					"$(inherited)",
					"@executable_path/Frameworks",
					"@loader_path/Frameworks",
				);
				PRODUCT_BUNDLE_IDENTIFIER = "org.ssfs.Emoji-DictionaryTests";
				PRODUCT_NAME = "$(TARGET_NAME)";
				SWIFT_VERSION = 4.2;
				TARGETED_DEVICE_FAMILY = "1,2";
				TEST_HOST = "$(BUILT_PRODUCTS_DIR)/Emoji_Dictionary.app/Emoji_Dictionary";
			};
			name = Debug;
		};
		4DB5AA9722737C4700D41892 /* Release */ = {
			isa = XCBuildConfiguration;
			buildSettings = {
				ALWAYS_EMBED_SWIFT_STANDARD_LIBRARIES = YES;
				BUNDLE_LOADER = "$(TEST_HOST)";
				CODE_SIGN_STYLE = Automatic;
				INFOPLIST_FILE = Emoji_DictionaryTests/Info.plist;
				LD_RUNPATH_SEARCH_PATHS = (
					"$(inherited)",
					"@executable_path/Frameworks",
					"@loader_path/Frameworks",
				);
				PRODUCT_BUNDLE_IDENTIFIER = "org.ssfs.Emoji-DictionaryTests";
				PRODUCT_NAME = "$(TARGET_NAME)";
				SWIFT_VERSION = 4.2;
				TARGETED_DEVICE_FAMILY = "1,2";
				TEST_HOST = "$(BUILT_PRODUCTS_DIR)/Emoji_Dictionary.app/Emoji_Dictionary";
			};
			name = Release;
		};
		4DB5AA9922737C4700D41892 /* Debug */ = {
			isa = XCBuildConfiguration;
			buildSettings = {
				ALWAYS_EMBED_SWIFT_STANDARD_LIBRARIES = YES;
				CODE_SIGN_STYLE = Automatic;
				INFOPLIST_FILE = Emoji_DictionaryUITests/Info.plist;
				LD_RUNPATH_SEARCH_PATHS = (
					"$(inherited)",
					"@executable_path/Frameworks",
					"@loader_path/Frameworks",
				);
				PRODUCT_BUNDLE_IDENTIFIER = "org.ssfs.Emoji-DictionaryUITests";
				PRODUCT_NAME = "$(TARGET_NAME)";
				SWIFT_VERSION = 4.2;
				TARGETED_DEVICE_FAMILY = "1,2";
				TEST_TARGET_NAME = Emoji_Dictionary;
			};
			name = Debug;
		};
		4DB5AA9A22737C4700D41892 /* Release */ = {
			isa = XCBuildConfiguration;
			buildSettings = {
				ALWAYS_EMBED_SWIFT_STANDARD_LIBRARIES = YES;
				CODE_SIGN_STYLE = Automatic;
				INFOPLIST_FILE = Emoji_DictionaryUITests/Info.plist;
				LD_RUNPATH_SEARCH_PATHS = (
					"$(inherited)",
					"@executable_path/Frameworks",
					"@loader_path/Frameworks",
				);
				PRODUCT_BUNDLE_IDENTIFIER = "org.ssfs.Emoji-DictionaryUITests";
				PRODUCT_NAME = "$(TARGET_NAME)";
				SWIFT_VERSION = 4.2;
				TARGETED_DEVICE_FAMILY = "1,2";
				TEST_TARGET_NAME = Emoji_Dictionary;
			};
			name = Release;
		};
/* End XCBuildConfiguration section */

/* Begin XCConfigurationList section */
		4DB5AA6522737C4500D41892 /* Build configuration list for PBXProject "Emoji_Dictionary" */ = {
			isa = XCConfigurationList;
			buildConfigurations = (
				4DB5AA9022737C4700D41892 /* Debug */,
				4DB5AA9122737C4700D41892 /* Release */,
			);
			defaultConfigurationIsVisible = 0;
			defaultConfigurationName = Release;
		};
		4DB5AA9222737C4700D41892 /* Build configuration list for PBXNativeTarget "Emoji_Dictionary" */ = {
			isa = XCConfigurationList;
			buildConfigurations = (
				4DB5AA9322737C4700D41892 /* Debug */,
				4DB5AA9422737C4700D41892 /* Release */,
			);
			defaultConfigurationIsVisible = 0;
			defaultConfigurationName = Release;
		};
		4DB5AA9522737C4700D41892 /* Build configuration list for PBXNativeTarget "Emoji_DictionaryTests" */ = {
			isa = XCConfigurationList;
			buildConfigurations = (
				4DB5AA9622737C4700D41892 /* Debug */,
				4DB5AA9722737C4700D41892 /* Release */,
			);
			defaultConfigurationIsVisible = 0;
			defaultConfigurationName = Release;
		};
		4DB5AA9822737C4700D41892 /* Build configuration list for PBXNativeTarget "Emoji_DictionaryUITests" */ = {
			isa = XCConfigurationList;
			buildConfigurations = (
				4DB5AA9922737C4700D41892 /* Debug */,
				4DB5AA9A22737C4700D41892 /* Release */,
			);
			defaultConfigurationIsVisible = 0;
			defaultConfigurationName = Release;
		};
/* End XCConfigurationList section */
	};
	rootObject = 4DB5AA6222737C4500D41892 /* Project object */;
}
